// !$*UTF8*$!
{
	archiveVersion = 1;
	classes = {
	};
	objectVersion = 56;
	objects = {

/* Begin PBXBuildFile section */
		20ACA1EC2C87E0E200EE5048 /* AppDelegate.swift in Sources */ = {isa = PBXBuildFile; fileRef = 20ACA1EB2C87E0E200EE5048 /* AppDelegate.swift */; };
		20ACA1EE2C87E0E200EE5048 /* SceneDelegate.swift in Sources */ = {isa = PBXBuildFile; fileRef = 20ACA1ED2C87E0E200EE5048 /* SceneDelegate.swift */; };
		20ACA1F02C87E0E200EE5048 /* ViewController.swift in Sources */ = {isa = PBXBuildFile; fileRef = 20ACA1EF2C87E0E200EE5048 /* ViewController.swift */; };
		20ACA1F32C87E0E200EE5048 /* Base in Resources */ = {isa = PBXBuildFile; fileRef = 20ACA1F22C87E0E200EE5048 /* Base */; };
		20ACA1F62C87E0E200EE5048 /* CoreDataTest.xcdatamodeld in Sources */ = {isa = PBXBuildFile; fileRef = 20ACA1F42C87E0E200EE5048 /* CoreDataTest.xcdatamodeld */; };
		20ACA1F82C87E0E400EE5048 /* Assets.xcassets in Resources */ = {isa = PBXBuildFile; fileRef = 20ACA1F72C87E0E400EE5048 /* Assets.xcassets */; };
		20ACA1FB2C87E0E400EE5048 /* Base in Resources */ = {isa = PBXBuildFile; fileRef = 20ACA1FA2C87E0E400EE5048 /* Base */; };
		20ACA2062C87E0E500EE5048 /* CoreDataTestTests.swift in Sources */ = {isa = PBXBuildFile; fileRef = 20ACA2052C87E0E500EE5048 /* CoreDataTestTests.swift */; };
		20ACA2102C87E0E500EE5048 /* CoreDataTestUITests.swift in Sources */ = {isa = PBXBuildFile; fileRef = 20ACA20F2C87E0E500EE5048 /* CoreDataTestUITests.swift */; };
		20ACA2122C87E0E500EE5048 /* CoreDataTestUITestsLaunchTests.swift in Sources */ = {isa = PBXBuildFile; fileRef = 20ACA2112C87E0E500EE5048 /* CoreDataTestUITestsLaunchTests.swift */; };
/* End PBXBuildFile section */

/* Begin PBXContainerItemProxy section */
		20ACA2022C87E0E500EE5048 /* PBXContainerItemProxy */ = {
			isa = PBXContainerItemProxy;
			containerPortal = 20ACA1E02C87E0E200EE5048 /* Project object */;
			proxyType = 1;
			remoteGlobalIDString = 20ACA1E72C87E0E200EE5048;
			remoteInfo = CoreDataTest;
		};
		20ACA20C2C87E0E500EE5048 /* PBXContainerItemProxy */ = {
			isa = PBXContainerItemProxy;
			containerPortal = 20ACA1E02C87E0E200EE5048 /* Project object */;
			proxyType = 1;
			remoteGlobalIDString = 20ACA1E72C87E0E200EE5048;
			remoteInfo = CoreDataTest;
		};
/* End PBXContainerItemProxy section */

/* Begin PBXFileReference section */
		20ACA1E82C87E0E200EE5048 /* CoreDataTest.app */ = {isa = PBXFileReference; explicitFileType = wrapper.application; includeInIndex = 0; path = CoreDataTest.app; sourceTree = BUILT_PRODUCTS_DIR; };
		20ACA1EB2C87E0E200EE5048 /* AppDelegate.swift */ = {isa = PBXFileReference; lastKnownFileType = sourcecode.swift; path = AppDelegate.swift; sourceTree = "<group>"; };
		20ACA1ED2C87E0E200EE5048 /* SceneDelegate.swift */ = {isa = PBXFileReference; lastKnownFileType = sourcecode.swift; path = SceneDelegate.swift; sourceTree = "<group>"; };
		20ACA1EF2C87E0E200EE5048 /* ViewController.swift */ = {isa = PBXFileReference; lastKnownFileType = sourcecode.swift; path = ViewController.swift; sourceTree = "<group>"; };
		20ACA1F22C87E0E200EE5048 /* Base */ = {isa = PBXFileReference; lastKnownFileType = file.storyboard; name = Base; path = Base.lproj/Main.storyboard; sourceTree = "<group>"; };
		20ACA1F52C87E0E200EE5048 /* CoreDataTest.xcdatamodel */ = {isa = PBXFileReference; lastKnownFileType = wrapper.xcdatamodel; path = CoreDataTest.xcdatamodel; sourceTree = "<group>"; };
		20ACA1F72C87E0E400EE5048 /* Assets.xcassets */ = {isa = PBXFileReference; lastKnownFileType = folder.assetcatalog; path = Assets.xcassets; sourceTree = "<group>"; };
		20ACA1FA2C87E0E400EE5048 /* Base */ = {isa = PBXFileReference; lastKnownFileType = file.storyboard; name = Base; path = Base.lproj/LaunchScreen.storyboard; sourceTree = "<group>"; };
		20ACA1FC2C87E0E400EE5048 /* Info.plist */ = {isa = PBXFileReference; lastKnownFileType = text.plist.xml; path = Info.plist; sourceTree = "<group>"; };
		20ACA2012C87E0E500EE5048 /* CoreDataTestTests.xctest */ = {isa = PBXFileReference; explicitFileType = wrapper.cfbundle; includeInIndex = 0; path = CoreDataTestTests.xctest; sourceTree = BUILT_PRODUCTS_DIR; };
		20ACA2052C87E0E500EE5048 /* CoreDataTestTests.swift */ = {isa = PBXFileReference; lastKnownFileType = sourcecode.swift; path = CoreDataTestTests.swift; sourceTree = "<group>"; };
		20ACA20B2C87E0E500EE5048 /* CoreDataTestUITests.xctest */ = {isa = PBXFileReference; explicitFileType = wrapper.cfbundle; includeInIndex = 0; path = CoreDataTestUITests.xctest; sourceTree = BUILT_PRODUCTS_DIR; };
		20ACA20F2C87E0E500EE5048 /* CoreDataTestUITests.swift */ = {isa = PBXFileReference; lastKnownFileType = sourcecode.swift; path = CoreDataTestUITests.swift; sourceTree = "<group>"; };
		20ACA2112C87E0E500EE5048 /* CoreDataTestUITestsLaunchTests.swift */ = {isa = PBXFileReference; lastKnownFileType = sourcecode.swift; path = CoreDataTestUITestsLaunchTests.swift; sourceTree = "<group>"; };
/* End PBXFileReference section */

/* Begin PBXFrameworksBuildPhase section */
		20ACA1E52C87E0E200EE5048 /* Frameworks */ = {
			isa = PBXFrameworksBuildPhase;
			buildActionMask = 2147483647;
			files = (
			);
			runOnlyForDeploymentPostprocessing = 0;
		};
		20ACA1FE2C87E0E500EE5048 /* Frameworks */ = {
			isa = PBXFrameworksBuildPhase;
			buildActionMask = 2147483647;
			files = (
			);
			runOnlyForDeploymentPostprocessing = 0;
		};
		20ACA2082C87E0E500EE5048 /* Frameworks */ = {
			isa = PBXFrameworksBuildPhase;
			buildActionMask = 2147483647;
			files = (
			);
			runOnlyForDeploymentPostprocessing = 0;
		};
/* End PBXFrameworksBuildPhase section */

/* Begin PBXGroup section */
		20ACA1DF2C87E0E200EE5048 = {
			isa = PBXGroup;
			children = (
				20ACA1EA2C87E0E200EE5048 /* CoreDataTest */,
				20ACA2042C87E0E500EE5048 /* CoreDataTestTests */,
				20ACA20E2C87E0E500EE5048 /* CoreDataTestUITests */,
				20ACA1E92C87E0E200EE5048 /* Products */,
			);
			sourceTree = "<group>";
		};
		20ACA1E92C87E0E200EE5048 /* Products */ = {
			isa = PBXGroup;
			children = (
				20ACA1E82C87E0E200EE5048 /* CoreDataTest.app */,
				20ACA2012C87E0E500EE5048 /* CoreDataTestTests.xctest */,
				20ACA20B2C87E0E500EE5048 /* CoreDataTestUITests.xctest */,
			);
			name = Products;
			sourceTree = "<group>";
		};
		20ACA1EA2C87E0E200EE5048 /* CoreDataTest */ = {
			isa = PBXGroup;
			children = (
				20ACA1EB2C87E0E200EE5048 /* AppDelegate.swift */,
				20ACA1ED2C87E0E200EE5048 /* SceneDelegate.swift */,
				20ACA1EF2C87E0E200EE5048 /* ViewController.swift */,
				20ACA1F12C87E0E200EE5048 /* Main.storyboard */,
				20ACA1F72C87E0E400EE5048 /* Assets.xcassets */,
				20ACA1F92C87E0E400EE5048 /* LaunchScreen.storyboard */,
				20ACA1FC2C87E0E400EE5048 /* Info.plist */,
				20ACA1F42C87E0E200EE5048 /* CoreDataTest.xcdatamodeld */,
			);
			path = CoreDataTest;
			sourceTree = "<group>";
		};
		20ACA2042C87E0E500EE5048 /* CoreDataTestTests */ = {
			isa = PBXGroup;
			children = (
				20ACA2052C87E0E500EE5048 /* CoreDataTestTests.swift */,
			);
			path = CoreDataTestTests;
			sourceTree = "<group>";
		};
		20ACA20E2C87E0E500EE5048 /* CoreDataTestUITests */ = {
			isa = PBXGroup;
			children = (
				20ACA20F2C87E0E500EE5048 /* CoreDataTestUITests.swift */,
				20ACA2112C87E0E500EE5048 /* CoreDataTestUITestsLaunchTests.swift */,
			);
			path = CoreDataTestUITests;
			sourceTree = "<group>";
		};
/* End PBXGroup section */

/* Begin PBXNativeTarget section */
		20ACA1E72C87E0E200EE5048 /* CoreDataTest */ = {
			isa = PBXNativeTarget;
			buildConfigurationList = 20ACA2152C87E0E500EE5048 /* Build configuration list for PBXNativeTarget "CoreDataTest" */;
			buildPhases = (
				20ACA1E42C87E0E200EE5048 /* Sources */,
				20ACA1E52C87E0E200EE5048 /* Frameworks */,
				20ACA1E62C87E0E200EE5048 /* Resources */,
			);
			buildRules = (
			);
			dependencies = (
			);
			name = CoreDataTest;
			productName = CoreDataTest;
			productReference = 20ACA1E82C87E0E200EE5048 /* CoreDataTest.app */;
			productType = "com.apple.product-type.application";
		};
		20ACA2002C87E0E500EE5048 /* CoreDataTestTests */ = {
			isa = PBXNativeTarget;
			buildConfigurationList = 20ACA2182C87E0E500EE5048 /* Build configuration list for PBXNativeTarget "CoreDataTestTests" */;
			buildPhases = (
				20ACA1FD2C87E0E500EE5048 /* Sources */,
				20ACA1FE2C87E0E500EE5048 /* Frameworks */,
				20ACA1FF2C87E0E500EE5048 /* Resources */,
			);
			buildRules = (
			);
			dependencies = (
				20ACA2032C87E0E500EE5048 /* PBXTargetDependency */,
			);
			name = CoreDataTestTests;
			productName = CoreDataTestTests;
			productReference = 20ACA2012C87E0E500EE5048 /* CoreDataTestTests.xctest */;
			productType = "com.apple.product-type.bundle.unit-test";
		};
		20ACA20A2C87E0E500EE5048 /* CoreDataTestUITests */ = {
			isa = PBXNativeTarget;
			buildConfigurationList = 20ACA21B2C87E0E500EE5048 /* Build configuration list for PBXNativeTarget "CoreDataTestUITests" */;
			buildPhases = (
				20ACA2072C87E0E500EE5048 /* Sources */,
				20ACA2082C87E0E500EE5048 /* Frameworks */,
				20ACA2092C87E0E500EE5048 /* Resources */,
			);
			buildRules = (
			);
			dependencies = (
				20ACA20D2C87E0E500EE5048 /* PBXTargetDependency */,
			);
			name = CoreDataTestUITests;
			productName = CoreDataTestUITests;
			productReference = 20ACA20B2C87E0E500EE5048 /* CoreDataTestUITests.xctest */;
			productType = "com.apple.product-type.bundle.ui-testing";
		};
/* End PBXNativeTarget section */

/* Begin PBXProject section */
		20ACA1E02C87E0E200EE5048 /* Project object */ = {
			isa = PBXProject;
			attributes = {
				BuildIndependentTargetsInParallel = 1;
				LastSwiftUpdateCheck = 1530;
				LastUpgradeCheck = 1530;
				TargetAttributes = {
					20ACA1E72C87E0E200EE5048 = {
						CreatedOnToolsVersion = 15.3;
					};
					20ACA2002C87E0E500EE5048 = {
						CreatedOnToolsVersion = 15.3;
						TestTargetID = 20ACA1E72C87E0E200EE5048;
					};
					20ACA20A2C87E0E500EE5048 = {
						CreatedOnToolsVersion = 15.3;
						TestTargetID = 20ACA1E72C87E0E200EE5048;
					};
				};
			};
			buildConfigurationList = 20ACA1E32C87E0E200EE5048 /* Build configuration list for PBXProject "CoreDataTest" */;
			compatibilityVersion = "Xcode 14.0";
			developmentRegion = en;
			hasScannedForEncodings = 0;
			knownRegions = (
				en,
				Base,
			);
			mainGroup = 20ACA1DF2C87E0E200EE5048;
			productRefGroup = 20ACA1E92C87E0E200EE5048 /* Products */;
			projectDirPath = "";
			projectRoot = "";
			targets = (
				20ACA1E72C87E0E200EE5048 /* CoreDataTest */,
				20ACA2002C87E0E500EE5048 /* CoreDataTestTests */,
				20ACA20A2C87E0E500EE5048 /* CoreDataTestUITests */,
			);
		};
/* End PBXProject section */

/* Begin PBXResourcesBuildPhase section */
		20ACA1E62C87E0E200EE5048 /* Resources */ = {
			isa = PBXResourcesBuildPhase;
			buildActionMask = 2147483647;
			files = (
				20ACA1F82C87E0E400EE5048 /* Assets.xcassets in Resources */,
				20ACA1FB2C87E0E400EE5048 /* Base in Resources */,
				20ACA1F32C87E0E200EE5048 /* Base in Resources */,
			);
			runOnlyForDeploymentPostprocessing = 0;
		};
		20ACA1FF2C87E0E500EE5048 /* Resources */ = {
			isa = PBXResourcesBuildPhase;
			buildActionMask = 2147483647;
			files = (
			);
			runOnlyForDeploymentPostprocessing = 0;
		};
		20ACA2092C87E0E500EE5048 /* Resources */ = {
			isa = PBXResourcesBuildPhase;
			buildActionMask = 2147483647;
			files = (
			);
			runOnlyForDeploymentPostprocessing = 0;
		};
/* End PBXResourcesBuildPhase section */

/* Begin PBXSourcesBuildPhase section */
		20ACA1E42C87E0E200EE5048 /* Sources */ = {
			isa = PBXSourcesBuildPhase;
			buildActionMask = 2147483647;
			files = (
				20ACA1F62C87E0E200EE5048 /* CoreDataTest.xcdatamodeld in Sources */,
				20ACA1F02C87E0E200EE5048 /* ViewController.swift in Sources */,
				20ACA1EC2C87E0E200EE5048 /* AppDelegate.swift in Sources */,
				20ACA1EE2C87E0E200EE5048 /* SceneDelegate.swift in Sources */,
			);
			runOnlyForDeploymentPostprocessing = 0;
		};
		20ACA1FD2C87E0E500EE5048 /* Sources */ = {
			isa = PBXSourcesBuildPhase;
			buildActionMask = 2147483647;
			files = (
				20ACA2062C87E0E500EE5048 /* CoreDataTestTests.swift in Sources */,
			);
			runOnlyForDeploymentPostprocessing = 0;
		};
		20ACA2072C87E0E500EE5048 /* Sources */ = {
			isa = PBXSourcesBuildPhase;
			buildActionMask = 2147483647;
			files = (
				20ACA2102C87E0E500EE5048 /* CoreDataTestUITests.swift in Sources */,
				20ACA2122C87E0E500EE5048 /* CoreDataTestUITestsLaunchTests.swift in Sources */,
			);
			runOnlyForDeploymentPostprocessing = 0;
		};
/* End PBXSourcesBuildPhase section */

/* Begin PBXTargetDependency section */
		20ACA2032C87E0E500EE5048 /* PBXTargetDependency */ = {
			isa = PBXTargetDependency;
			target = 20ACA1E72C87E0E200EE5048 /* CoreDataTest */;
			targetProxy = 20ACA2022C87E0E500EE5048 /* PBXContainerItemProxy */;
		};
		20ACA20D2C87E0E500EE5048 /* PBXTargetDependency */ = {
			isa = PBXTargetDependency;
			target = 20ACA1E72C87E0E200EE5048 /* CoreDataTest */;
			targetProxy = 20ACA20C2C87E0E500EE5048 /* PBXContainerItemProxy */;
		};
/* End PBXTargetDependency section */

/* Begin PBXVariantGroup section */
		20ACA1F12C87E0E200EE5048 /* Main.storyboard */ = {
			isa = PBXVariantGroup;
			children = (
				20ACA1F22C87E0E200EE5048 /* Base */,
			);
			name = Main.storyboard;
			sourceTree = "<group>";
		};
		20ACA1F92C87E0E400EE5048 /* LaunchScreen.storyboard */ = {
			isa = PBXVariantGroup;
			children = (
				20ACA1FA2C87E0E400EE5048 /* Base */,
			);
			name = LaunchScreen.storyboard;
			sourceTree = "<group>";
		};
/* End PBXVariantGroup section */

/* Begin XCBuildConfiguration section */
		20ACA2132C87E0E500EE5048 /* Debug */ = {
			isa = XCBuildConfiguration;
			buildSettings = {
				ALWAYS_SEARCH_USER_PATHS = NO;
				ASSETCATALOG_COMPILER_GENERATE_SWIFT_ASSET_SYMBOL_EXTENSIONS = YES;
				CLANG_ANALYZER_NONNULL = YES;
				CLANG_ANALYZER_NUMBER_OBJECT_CONVERSION = YES_AGGRESSIVE;
				CLANG_CXX_LANGUAGE_STANDARD = "gnu++20";
				CLANG_ENABLE_MODULES = YES;
				CLANG_ENABLE_OBJC_ARC = YES;
				CLANG_ENABLE_OBJC_WEAK = YES;
				CLANG_WARN_BLOCK_CAPTURE_AUTORELEASING = YES;
				CLANG_WARN_BOOL_CONVERSION = YES;
				CLANG_WARN_COMMA = YES;
				CLANG_WARN_CONSTANT_CONVERSION = YES;
				CLANG_WARN_DEPRECATED_OBJC_IMPLEMENTATIONS = YES;
				CLANG_WARN_DIRECT_OBJC_ISA_USAGE = YES_ERROR;
				CLANG_WARN_DOCUMENTATION_COMMENTS = YES;
				CLANG_WARN_EMPTY_BODY = YES;
				CLANG_WARN_ENUM_CONVERSION = YES;
				CLANG_WARN_INFINITE_RECURSION = YES;
				CLANG_WARN_INT_CONVERSION = YES;
				CLANG_WARN_NON_LITERAL_NULL_CONVERSION = YES;
				CLANG_WARN_OBJC_IMPLICIT_RETAIN_SELF = YES;
				CLANG_WARN_OBJC_LITERAL_CONVERSION = YES;
				CLANG_WARN_OBJC_ROOT_CLASS = YES_ERROR;
				CLANG_WARN_QUOTED_INCLUDE_IN_FRAMEWORK_HEADER = YES;
				CLANG_WARN_RANGE_LOOP_ANALYSIS = YES;
				CLANG_WARN_STRICT_PROTOTYPES = YES;
				CLANG_WARN_SUSPICIOUS_MOVE = YES;
				CLANG_WARN_UNGUARDED_AVAILABILITY = YES_AGGRESSIVE;
				CLANG_WARN_UNREACHABLE_CODE = YES;
				CLANG_WARN__DUPLICATE_METHOD_MATCH = YES;
				COPY_PHASE_STRIP = NO;
				DEBUG_INFORMATION_FORMAT = dwarf;
				ENABLE_STRICT_OBJC_MSGSEND = YES;
				ENABLE_TESTABILITY = YES;
				ENABLE_USER_SCRIPT_SANDBOXING = YES;
				GCC_C_LANGUAGE_STANDARD = gnu17;
				GCC_DYNAMIC_NO_PIC = NO;
				GCC_NO_COMMON_BLOCKS = YES;
				GCC_OPTIMIZATION_LEVEL = 0;
				GCC_PREPROCESSOR_DEFINITIONS = (
					"DEBUG=1",
					"$(inherited)",
				);
				GCC_WARN_64_TO_32_BIT_CONVERSION = YES;
				GCC_WARN_ABOUT_RETURN_TYPE = YES_ERROR;
				GCC_WARN_UNDECLARED_SELECTOR = YES;
				GCC_WARN_UNINITIALIZED_AUTOS = YES_AGGRESSIVE;
				GCC_WARN_UNUSED_FUNCTION = YES;
				GCC_WARN_UNUSED_VARIABLE = YES;
				IPHONEOS_DEPLOYMENT_TARGET = 17.4;
				LOCALIZATION_PREFERS_STRING_CATALOGS = YES;
				MTL_ENABLE_DEBUG_INFO = INCLUDE_SOURCE;
				MTL_FAST_MATH = YES;
				ONLY_ACTIVE_ARCH = YES;
				SDKROOT = iphoneos;
				SWIFT_ACTIVE_COMPILATION_CONDITIONS = "DEBUG $(inherited)";
				SWIFT_OPTIMIZATION_LEVEL = "-Onone";
			};
			name = Debug;
		};
		20ACA2142C87E0E500EE5048 /* Release */ = {
			isa = XCBuildConfiguration;
			buildSettings = {
				ALWAYS_SEARCH_USER_PATHS = NO;
				ASSETCATALOG_COMPILER_GENERATE_SWIFT_ASSET_SYMBOL_EXTENSIONS = YES;
				CLANG_ANALYZER_NONNULL = YES;
				CLANG_ANALYZER_NUMBER_OBJECT_CONVERSION = YES_AGGRESSIVE;
				CLANG_CXX_LANGUAGE_STANDARD = "gnu++20";
				CLANG_ENABLE_MODULES = YES;
				CLANG_ENABLE_OBJC_ARC = YES;
				CLANG_ENABLE_OBJC_WEAK = YES;
				CLANG_WARN_BLOCK_CAPTURE_AUTORELEASING = YES;
				CLANG_WARN_BOOL_CONVERSION = YES;
				CLANG_WARN_COMMA = YES;
				CLANG_WARN_CONSTANT_CONVERSION = YES;
				CLANG_WARN_DEPRECATED_OBJC_IMPLEMENTATIONS = YES;
				CLANG_WARN_DIRECT_OBJC_ISA_USAGE = YES_ERROR;
				CLANG_WARN_DOCUMENTATION_COMMENTS = YES;
				CLANG_WARN_EMPTY_BODY = YES;
				CLANG_WARN_ENUM_CONVERSION = YES;
				CLANG_WARN_INFINITE_RECURSION = YES;
				CLANG_WARN_INT_CONVERSION = YES;
				CLANG_WARN_NON_LITERAL_NULL_CONVERSION = YES;
				CLANG_WARN_OBJC_IMPLICIT_RETAIN_SELF = YES;
				CLANG_WARN_OBJC_LITERAL_CONVERSION = YES;
				CLANG_WARN_OBJC_ROOT_CLASS = YES_ERROR;
				CLANG_WARN_QUOTED_INCLUDE_IN_FRAMEWORK_HEADER = YES;
				CLANG_WARN_RANGE_LOOP_ANALYSIS = YES;
				CLANG_WARN_STRICT_PROTOTYPES = YES;
				CLANG_WARN_SUSPICIOUS_MOVE = YES;
				CLANG_WARN_UNGUARDED_AVAILABILITY = YES_AGGRESSIVE;
				CLANG_WARN_UNREACHABLE_CODE = YES;
				CLANG_WARN__DUPLICATE_METHOD_MATCH = YES;
				COPY_PHASE_STRIP = NO;
				DEBUG_INFORMATION_FORMAT = "dwarf-with-dsym";
				ENABLE_NS_ASSERTIONS = NO;
				ENABLE_STRICT_OBJC_MSGSEND = YES;
				ENABLE_USER_SCRIPT_SANDBOXING = YES;
				GCC_C_LANGUAGE_STANDARD = gnu17;
				GCC_NO_COMMON_BLOCKS = YES;
				GCC_WARN_64_TO_32_BIT_CONVERSION = YES;
				GCC_WARN_ABOUT_RETURN_TYPE = YES_ERROR;
				GCC_WARN_UNDECLARED_SELECTOR = YES;
				GCC_WARN_UNINITIALIZED_AUTOS = YES_AGGRESSIVE;
				GCC_WARN_UNUSED_FUNCTION = YES;
				GCC_WARN_UNUSED_VARIABLE = YES;
				IPHONEOS_DEPLOYMENT_TARGET = 17.4;
				LOCALIZATION_PREFERS_STRING_CATALOGS = YES;
				MTL_ENABLE_DEBUG_INFO = NO;
				MTL_FAST_MATH = YES;
				SDKROOT = iphoneos;
				SWIFT_COMPILATION_MODE = wholemodule;
				VALIDATE_PRODUCT = YES;
			};
			name = Release;
		};
		20ACA2162C87E0E500EE5048 /* Debug */ = {
			isa = XCBuildConfiguration;
			buildSettings = {
				ASSETCATALOG_COMPILER_APPICON_NAME = AppIcon;
				ASSETCATALOG_COMPILER_GLOBAL_ACCENT_COLOR_NAME = AccentColor;
				CODE_SIGN_STYLE = Automatic;
				CURRENT_PROJECT_VERSION = 1;
				DEVELOPMENT_TEAM = L598E88287;
				GENERATE_INFOPLIST_FILE = YES;
				INFOPLIST_FILE = CoreDataTest/Info.plist;
				INFOPLIST_KEY_UIApplicationSupportsIndirectInputEvents = YES;
				INFOPLIST_KEY_UILaunchStoryboardName = LaunchScreen;
				INFOPLIST_KEY_UIMainStoryboardFile = Main;
				INFOPLIST_KEY_UISupportedInterfaceOrientations_iPad = "UIInterfaceOrientationPortrait UIInterfaceOrientationPortraitUpsideDown UIInterfaceOrientationLandscapeLeft UIInterfaceOrientationLandscapeRight";
				INFOPLIST_KEY_UISupportedInterfaceOrientations_iPhone = "UIInterfaceOrientationPortrait UIInterfaceOrientationLandscapeLeft UIInterfaceOrientationLandscapeRight";
				LD_RUNPATH_SEARCH_PATHS = (
					"$(inherited)",
					"@executable_path/Frameworks",
				);
				MARKETING_VERSION = 1.0;
				PRODUCT_BUNDLE_IDENTIFIER = haams.appbrewery.CoreDataTest;
				PRODUCT_NAME = "$(TARGET_NAME)";
				SWIFT_EMIT_LOC_STRINGS = YES;
				SWIFT_VERSION = 5.0;
				TARGETED_DEVICE_FAMILY = "1,2";
			};
			name = Debug;
		};
		20ACA2172C87E0E500EE5048 /* Release */ = {
			isa = XCBuildConfiguration;
			buildSettings = {
				ASSETCATALOG_COMPILER_APPICON_NAME = AppIcon;
				ASSETCATALOG_COMPILER_GLOBAL_ACCENT_COLOR_NAME = AccentColor;
				CODE_SIGN_STYLE = Automatic;
				CURRENT_PROJECT_VERSION = 1;
				DEVELOPMENT_TEAM = L598E88287;
				GENERATE_INFOPLIST_FILE = YES;
				INFOPLIST_FILE = CoreDataTest/Info.plist;
				INFOPLIST_KEY_UIApplicationSupportsIndirectInputEvents = YES;
				INFOPLIST_KEY_UILaunchStoryboardName = LaunchScreen;
				INFOPLIST_KEY_UIMainStoryboardFile = Main;
				INFOPLIST_KEY_UISupportedInterfaceOrientations_iPad = "UIInterfaceOrientationPortrait UIInterfaceOrientationPortraitUpsideDown UIInterfaceOrientationLandscapeLeft UIInterfaceOrientationLandscapeRight";
				INFOPLIST_KEY_UISupportedInterfaceOrientations_iPhone = "UIInterfaceOrientationPortrait UIInterfaceOrientationLandscapeLeft UIInterfaceOrientationLandscapeRight";
				LD_RUNPATH_SEARCH_PATHS = (
					"$(inherited)",
					"@executable_path/Frameworks",
				);
				MARKETING_VERSION = 1.0;
				PRODUCT_BUNDLE_IDENTIFIER = haams.appbrewery.CoreDataTest;
				PRODUCT_NAME = "$(TARGET_NAME)";
				SWIFT_EMIT_LOC_STRINGS = YES;
				SWIFT_VERSION = 5.0;
				TARGETED_DEVICE_FAMILY = "1,2";
			};
			name = Release;
		};
		20ACA2192C87E0E500EE5048 /* Debug */ = {
			isa = XCBuildConfiguration;
			buildSettings = {
				ALWAYS_EMBED_SWIFT_STANDARD_LIBRARIES = YES;
				BUNDLE_LOADER = "$(TEST_HOST)";
				CODE_SIGN_STYLE = Automatic;
				CURRENT_PROJECT_VERSION = 1;
				DEVELOPMENT_TEAM = L598E88287;
				GENERATE_INFOPLIST_FILE = YES;
				IPHONEOS_DEPLOYMENT_TARGET = 17.4;
				MARKETING_VERSION = 1.0;
				PRODUCT_BUNDLE_IDENTIFIER = haams.appbrewery.CoreDataTestTests;
				PRODUCT_NAME = "$(TARGET_NAME)";
				SWIFT_EMIT_LOC_STRINGS = NO;
				SWIFT_VERSION = 5.0;
				TARGETED_DEVICE_FAMILY = "1,2";
				TEST_HOST = "$(BUILT_PRODUCTS_DIR)/CoreDataTest.app/$(BUNDLE_EXECUTABLE_FOLDER_PATH)/CoreDataTest";
			};
			name = Debug;
		};
		20ACA21A2C87E0E500EE5048 /* Release */ = {
			isa = XCBuildConfiguration;
			buildSettings = {
				ALWAYS_EMBED_SWIFT_STANDARD_LIBRARIES = YES;
				BUNDLE_LOADER = "$(TEST_HOST)";
				CODE_SIGN_STYLE = Automatic;
				CURRENT_PROJECT_VERSION = 1;
				DEVELOPMENT_TEAM = L598E88287;
				GENERATE_INFOPLIST_FILE = YES;
				IPHONEOS_DEPLOYMENT_TARGET = 17.4;
				MARKETING_VERSION = 1.0;
				PRODUCT_BUNDLE_IDENTIFIER = haams.appbrewery.CoreDataTestTests;
				PRODUCT_NAME = "$(TARGET_NAME)";
				SWIFT_EMIT_LOC_STRINGS = NO;
				SWIFT_VERSION = 5.0;
				TARGETED_DEVICE_FAMILY = "1,2";
				TEST_HOST = "$(BUILT_PRODUCTS_DIR)/CoreDataTest.app/$(BUNDLE_EXECUTABLE_FOLDER_PATH)/CoreDataTest";
			};
			name = Release;
		};
		20ACA21C2C87E0E500EE5048 /* Debug */ = {
			isa = XCBuildConfiguration;
			buildSettings = {
				ALWAYS_EMBED_SWIFT_STANDARD_LIBRARIES = YES;
				CODE_SIGN_STYLE = Automatic;
				CURRENT_PROJECT_VERSION = 1;
				DEVELOPMENT_TEAM = L598E88287;
				GENERATE_INFOPLIST_FILE = YES;
				MARKETING_VERSION = 1.0;
				PRODUCT_BUNDLE_IDENTIFIER = haams.appbrewery.CoreDataTestUITests;
				PRODUCT_NAME = "$(TARGET_NAME)";
				SWIFT_EMIT_LOC_STRINGS = NO;
				SWIFT_VERSION = 5.0;
				TARGETED_DEVICE_FAMILY = "1,2";
				TEST_TARGET_NAME = CoreDataTest;
			};
			name = Debug;
		};
		20ACA21D2C87E0E500EE5048 /* Release */ = {
			isa = XCBuildConfiguration;
			buildSettings = {
				ALWAYS_EMBED_SWIFT_STANDARD_LIBRARIES = YES;
				CODE_SIGN_STYLE = Automatic;
				CURRENT_PROJECT_VERSION = 1;
				DEVELOPMENT_TEAM = L598E88287;
				GENERATE_INFOPLIST_FILE = YES;
				MARKETING_VERSION = 1.0;
				PRODUCT_BUNDLE_IDENTIFIER = haams.appbrewery.CoreDataTestUITests;
				PRODUCT_NAME = "$(TARGET_NAME)";
				SWIFT_EMIT_LOC_STRINGS = NO;
				SWIFT_VERSION = 5.0;
				TARGETED_DEVICE_FAMILY = "1,2";
				TEST_TARGET_NAME = CoreDataTest;
			};
			name = Release;
		};
/* End XCBuildConfiguration section */

/* Begin XCConfigurationList section */
		20ACA1E32C87E0E200EE5048 /* Build configuration list for PBXProject "CoreDataTest" */ = {
			isa = XCConfigurationList;
			buildConfigurations = (
				20ACA2132C87E0E500EE5048 /* Debug */,
				20ACA2142C87E0E500EE5048 /* Release */,
			);
			defaultConfigurationIsVisible = 0;
			defaultConfigurationName = Release;
		};
		20ACA2152C87E0E500EE5048 /* Build configuration list for PBXNativeTarget "CoreDataTest" */ = {
			isa = XCConfigurationList;
			buildConfigurations = (
				20ACA2162C87E0E500EE5048 /* Debug */,
				20ACA2172C87E0E500EE5048 /* Release */,
			);
			defaultConfigurationIsVisible = 0;
			defaultConfigurationName = Release;
		};
		20ACA2182C87E0E500EE5048 /* Build configuration list for PBXNativeTarget "CoreDataTestTests" */ = {
			isa = XCConfigurationList;
			buildConfigurations = (
				20ACA2192C87E0E500EE5048 /* Debug */,
				20ACA21A2C87E0E500EE5048 /* Release */,
			);
			defaultConfigurationIsVisible = 0;
			defaultConfigurationName = Release;
		};
		20ACA21B2C87E0E500EE5048 /* Build configuration list for PBXNativeTarget "CoreDataTestUITests" */ = {
			isa = XCConfigurationList;
			buildConfigurations = (
				20ACA21C2C87E0E500EE5048 /* Debug */,
				20ACA21D2C87E0E500EE5048 /* Release */,
			);
			defaultConfigurationIsVisible = 0;
			defaultConfigurationName = Release;
		};
/* End XCConfigurationList section */

/* Begin XCVersionGroup section */
		20ACA1F42C87E0E200EE5048 /* CoreDataTest.xcdatamodeld */ = {
			isa = XCVersionGroup;
			children = (
				20ACA1F52C87E0E200EE5048 /* CoreDataTest.xcdatamodel */,
			);
			currentVersion = 20ACA1F52C87E0E200EE5048 /* CoreDataTest.xcdatamodel */;
			path = CoreDataTest.xcdatamodeld;
			sourceTree = "<group>";
			versionGroupType = wrapper.xcdatamodel;
		};
/* End XCVersionGroup section */
	};
	rootObject = 20ACA1E02C87E0E200EE5048 /* Project object */;
}
