// !$*UTF8*$!
{
	archiveVersion = 1;
	classes = {
	};
	objectVersion = 56;
	objects = {

/* Begin PBXBuildFile section */
		20ACA2332C88432400EE5048 /* AppDelegate.swift in Sources */ = {isa = PBXBuildFile; fileRef = 20ACA2322C88432400EE5048 /* AppDelegate.swift */; };
		20ACA2352C88432400EE5048 /* SceneDelegate.swift in Sources */ = {isa = PBXBuildFile; fileRef = 20ACA2342C88432400EE5048 /* SceneDelegate.swift */; };
		20ACA2372C88432400EE5048 /* ViewController.swift in Sources */ = {isa = PBXBuildFile; fileRef = 20ACA2362C88432400EE5048 /* ViewController.swift */; };
		20ACA23A2C88432400EE5048 /* Base in Resources */ = {isa = PBXBuildFile; fileRef = 20ACA2392C88432400EE5048 /* Base */; };
		20ACA23D2C88432400EE5048 /* CoreDataTest2.xcdatamodeld in Sources */ = {isa = PBXBuildFile; fileRef = 20ACA23B2C88432400EE5048 /* CoreDataTest2.xcdatamodeld */; };
		20ACA23F2C88432700EE5048 /* Assets.xcassets in Resources */ = {isa = PBXBuildFile; fileRef = 20ACA23E2C88432700EE5048 /* Assets.xcassets */; };
		20ACA2422C88432700EE5048 /* Base in Resources */ = {isa = PBXBuildFile; fileRef = 20ACA2412C88432700EE5048 /* Base */; };
		20ACA24D2C88432800EE5048 /* CoreDataTest2Tests.swift in Sources */ = {isa = PBXBuildFile; fileRef = 20ACA24C2C88432800EE5048 /* CoreDataTest2Tests.swift */; };
		20ACA2572C88432800EE5048 /* CoreDataTest2UITests.swift in Sources */ = {isa = PBXBuildFile; fileRef = 20ACA2562C88432800EE5048 /* CoreDataTest2UITests.swift */; };
		20ACA2592C88432800EE5048 /* CoreDataTest2UITestsLaunchTests.swift in Sources */ = {isa = PBXBuildFile; fileRef = 20ACA2582C88432800EE5048 /* CoreDataTest2UITestsLaunchTests.swift */; };
		20ACA2672C88454100EE5048 /* User+CoreDataClass.swift in Sources */ = {isa = PBXBuildFile; fileRef = 20ACA2652C88454100EE5048 /* User+CoreDataClass.swift */; };
		20ACA2682C88454100EE5048 /* User+CoreDataProperties.swift in Sources */ = {isa = PBXBuildFile; fileRef = 20ACA2662C88454100EE5048 /* User+CoreDataProperties.swift */; };
/* End PBXBuildFile section */

/* Begin PBXContainerItemProxy section */
		20ACA2492C88432800EE5048 /* PBXContainerItemProxy */ = {
			isa = PBXContainerItemProxy;
			containerPortal = 20ACA2272C88432400EE5048 /* Project object */;
			proxyType = 1;
			remoteGlobalIDString = 20ACA22E2C88432400EE5048;
			remoteInfo = CoreDataTest2;
		};
		20ACA2532C88432800EE5048 /* PBXContainerItemProxy */ = {
			isa = PBXContainerItemProxy;
			containerPortal = 20ACA2272C88432400EE5048 /* Project object */;
			proxyType = 1;
			remoteGlobalIDString = 20ACA22E2C88432400EE5048;
			remoteInfo = CoreDataTest2;
		};
/* End PBXContainerItemProxy section */

/* Begin PBXFileReference section */
		20ACA22F2C88432400EE5048 /* CoreDataTest2.app */ = {isa = PBXFileReference; explicitFileType = wrapper.application; includeInIndex = 0; path = CoreDataTest2.app; sourceTree = BUILT_PRODUCTS_DIR; };
		20ACA2322C88432400EE5048 /* AppDelegate.swift */ = {isa = PBXFileReference; lastKnownFileType = sourcecode.swift; path = AppDelegate.swift; sourceTree = "<group>"; };
		20ACA2342C88432400EE5048 /* SceneDelegate.swift */ = {isa = PBXFileReference; lastKnownFileType = sourcecode.swift; path = SceneDelegate.swift; sourceTree = "<group>"; };
		20ACA2362C88432400EE5048 /* ViewController.swift */ = {isa = PBXFileReference; lastKnownFileType = sourcecode.swift; path = ViewController.swift; sourceTree = "<group>"; };
		20ACA2392C88432400EE5048 /* Base */ = {isa = PBXFileReference; lastKnownFileType = file.storyboard; name = Base; path = Base.lproj/Main.storyboard; sourceTree = "<group>"; };
		20ACA23C2C88432400EE5048 /* CoreDataTest2.xcdatamodel */ = {isa = PBXFileReference; lastKnownFileType = wrapper.xcdatamodel; path = CoreDataTest2.xcdatamodel; sourceTree = "<group>"; };
		20ACA23E2C88432700EE5048 /* Assets.xcassets */ = {isa = PBXFileReference; lastKnownFileType = folder.assetcatalog; path = Assets.xcassets; sourceTree = "<group>"; };
		20ACA2412C88432700EE5048 /* Base */ = {isa = PBXFileReference; lastKnownFileType = file.storyboard; name = Base; path = Base.lproj/LaunchScreen.storyboard; sourceTree = "<group>"; };
		20ACA2432C88432700EE5048 /* Info.plist */ = {isa = PBXFileReference; lastKnownFileType = text.plist.xml; path = Info.plist; sourceTree = "<group>"; };
		20ACA2482C88432800EE5048 /* CoreDataTest2Tests.xctest */ = {isa = PBXFileReference; explicitFileType = wrapper.cfbundle; includeInIndex = 0; path = CoreDataTest2Tests.xctest; sourceTree = BUILT_PRODUCTS_DIR; };
		20ACA24C2C88432800EE5048 /* CoreDataTest2Tests.swift */ = {isa = PBXFileReference; lastKnownFileType = sourcecode.swift; path = CoreDataTest2Tests.swift; sourceTree = "<group>"; };
		20ACA2522C88432800EE5048 /* CoreDataTest2UITests.xctest */ = {isa = PBXFileReference; explicitFileType = wrapper.cfbundle; includeInIndex = 0; path = CoreDataTest2UITests.xctest; sourceTree = BUILT_PRODUCTS_DIR; };
		20ACA2562C88432800EE5048 /* CoreDataTest2UITests.swift */ = {isa = PBXFileReference; lastKnownFileType = sourcecode.swift; path = CoreDataTest2UITests.swift; sourceTree = "<group>"; };
		20ACA2582C88432800EE5048 /* CoreDataTest2UITestsLaunchTests.swift */ = {isa = PBXFileReference; lastKnownFileType = sourcecode.swift; path = CoreDataTest2UITestsLaunchTests.swift; sourceTree = "<group>"; };
		20ACA2652C88454100EE5048 /* User+CoreDataClass.swift */ = {isa = PBXFileReference; lastKnownFileType = sourcecode.swift; path = "User+CoreDataClass.swift"; sourceTree = "<group>"; };
		20ACA2662C88454100EE5048 /* User+CoreDataProperties.swift */ = {isa = PBXFileReference; lastKnownFileType = sourcecode.swift; path = "User+CoreDataProperties.swift"; sourceTree = "<group>"; };
/* End PBXFileReference section */

/* Begin PBXFrameworksBuildPhase section */
		20ACA22C2C88432400EE5048 /* Frameworks */ = {
			isa = PBXFrameworksBuildPhase;
			buildActionMask = 2147483647;
			files = (
			);
			runOnlyForDeploymentPostprocessing = 0;
		};
		20ACA2452C88432800EE5048 /* Frameworks */ = {
			isa = PBXFrameworksBuildPhase;
			buildActionMask = 2147483647;
			files = (
			);
			runOnlyForDeploymentPostprocessing = 0;
		};
		20ACA24F2C88432800EE5048 /* Frameworks */ = {
			isa = PBXFrameworksBuildPhase;
			buildActionMask = 2147483647;
			files = (
			);
			runOnlyForDeploymentPostprocessing = 0;
		};
/* End PBXFrameworksBuildPhase section */

/* Begin PBXGroup section */
		20ACA2262C88432400EE5048 = {
			isa = PBXGroup;
			children = (
				20ACA2652C88454100EE5048 /* User+CoreDataClass.swift */,
				20ACA2662C88454100EE5048 /* User+CoreDataProperties.swift */,
				20ACA2312C88432400EE5048 /* CoreDataTest2 */,
				20ACA24B2C88432800EE5048 /* CoreDataTest2Tests */,
				20ACA2552C88432800EE5048 /* CoreDataTest2UITests */,
				20ACA2302C88432400EE5048 /* Products */,
			);
			sourceTree = "<group>";
		};
		20ACA2302C88432400EE5048 /* Products */ = {
			isa = PBXGroup;
			children = (
				20ACA22F2C88432400EE5048 /* CoreDataTest2.app */,
				20ACA2482C88432800EE5048 /* CoreDataTest2Tests.xctest */,
				20ACA2522C88432800EE5048 /* CoreDataTest2UITests.xctest */,
			);
			name = Products;
			sourceTree = "<group>";
		};
		20ACA2312C88432400EE5048 /* CoreDataTest2 */ = {
			isa = PBXGroup;
			children = (
				20ACA2322C88432400EE5048 /* AppDelegate.swift */,
				20ACA2342C88432400EE5048 /* SceneDelegate.swift */,
				20ACA2362C88432400EE5048 /* ViewController.swift */,
				20ACA2382C88432400EE5048 /* Main.storyboard */,
				20ACA23E2C88432700EE5048 /* Assets.xcassets */,
				20ACA2402C88432700EE5048 /* LaunchScreen.storyboard */,
				20ACA2432C88432700EE5048 /* Info.plist */,
				20ACA23B2C88432400EE5048 /* CoreDataTest2.xcdatamodeld */,
			);
			path = CoreDataTest2;
			sourceTree = "<group>";
		};
		20ACA24B2C88432800EE5048 /* CoreDataTest2Tests */ = {
			isa = PBXGroup;
			children = (
				20ACA24C2C88432800EE5048 /* CoreDataTest2Tests.swift */,
			);
			path = CoreDataTest2Tests;
			sourceTree = "<group>";
		};
		20ACA2552C88432800EE5048 /* CoreDataTest2UITests */ = {
			isa = PBXGroup;
			children = (
				20ACA2562C88432800EE5048 /* CoreDataTest2UITests.swift */,
				20ACA2582C88432800EE5048 /* CoreDataTest2UITestsLaunchTests.swift */,
			);
			path = CoreDataTest2UITests;
			sourceTree = "<group>";
		};
/* End PBXGroup section */

/* Begin PBXNativeTarget section */
		20ACA22E2C88432400EE5048 /* CoreDataTest2 */ = {
			isa = PBXNativeTarget;
			buildConfigurationList = 20ACA25C2C88432800EE5048 /* Build configuration list for PBXNativeTarget "CoreDataTest2" */;
			buildPhases = (
				20ACA22B2C88432400EE5048 /* Sources */,
				20ACA22C2C88432400EE5048 /* Frameworks */,
				20ACA22D2C88432400EE5048 /* Resources */,
			);
			buildRules = (
			);
			dependencies = (
			);
			name = CoreDataTest2;
			productName = CoreDataTest2;
			productReference = 20ACA22F2C88432400EE5048 /* CoreDataTest2.app */;
			productType = "com.apple.product-type.application";
		};
		20ACA2472C88432800EE5048 /* CoreDataTest2Tests */ = {
			isa = PBXNativeTarget;
			buildConfigurationList = 20ACA25F2C88432800EE5048 /* Build configuration list for PBXNativeTarget "CoreDataTest2Tests" */;
			buildPhases = (
				20ACA2442C88432800EE5048 /* Sources */,
				20ACA2452C88432800EE5048 /* Frameworks */,
				20ACA2462C88432800EE5048 /* Resources */,
			);
			buildRules = (
			);
			dependencies = (
				20ACA24A2C88432800EE5048 /* PBXTargetDependency */,
			);
			name = CoreDataTest2Tests;
			productName = CoreDataTest2Tests;
			productReference = 20ACA2482C88432800EE5048 /* CoreDataTest2Tests.xctest */;
			productType = "com.apple.product-type.bundle.unit-test";
		};
		20ACA2512C88432800EE5048 /* CoreDataTest2UITests */ = {
			isa = PBXNativeTarget;
			buildConfigurationList = 20ACA2622C88432800EE5048 /* Build configuration list for PBXNativeTarget "CoreDataTest2UITests" */;
			buildPhases = (
				20ACA24E2C88432800EE5048 /* Sources */,
				20ACA24F2C88432800EE5048 /* Frameworks */,
				20ACA2502C88432800EE5048 /* Resources */,
			);
			buildRules = (
			);
			dependencies = (
				20ACA2542C88432800EE5048 /* PBXTargetDependency */,
			);
			name = CoreDataTest2UITests;
			productName = CoreDataTest2UITests;
			productReference = 20ACA2522C88432800EE5048 /* CoreDataTest2UITests.xctest */;
			productType = "com.apple.product-type.bundle.ui-testing";
		};
/* End PBXNativeTarget section */

/* Begin PBXProject section */
		20ACA2272C88432400EE5048 /* Project object */ = {
			isa = PBXProject;
			attributes = {
				BuildIndependentTargetsInParallel = 1;
				LastSwiftUpdateCheck = 1530;
				LastUpgradeCheck = 1530;
				TargetAttributes = {
					20ACA22E2C88432400EE5048 = {
						CreatedOnToolsVersion = 15.3;
					};
					20ACA2472C88432800EE5048 = {
						CreatedOnToolsVersion = 15.3;
						TestTargetID = 20ACA22E2C88432400EE5048;
					};
					20ACA2512C88432800EE5048 = {
						CreatedOnToolsVersion = 15.3;
						TestTargetID = 20ACA22E2C88432400EE5048;
					};
				};
			};
			buildConfigurationList = 20ACA22A2C88432400EE5048 /* Build configuration list for PBXProject "CoreDataTest2" */;
			compatibilityVersion = "Xcode 14.0";
			developmentRegion = en;
			hasScannedForEncodings = 0;
			knownRegions = (
				en,
				Base,
			);
			mainGroup = 20ACA2262C88432400EE5048;
			productRefGroup = 20ACA2302C88432400EE5048 /* Products */;
			projectDirPath = "";
			projectRoot = "";
			targets = (
				20ACA22E2C88432400EE5048 /* CoreDataTest2 */,
				20ACA2472C88432800EE5048 /* CoreDataTest2Tests */,
				20ACA2512C88432800EE5048 /* CoreDataTest2UITests */,
			);
		};
/* End PBXProject section */

/* Begin PBXResourcesBuildPhase section */
		20ACA22D2C88432400EE5048 /* Resources */ = {
			isa = PBXResourcesBuildPhase;
			buildActionMask = 2147483647;
			files = (
				20ACA23F2C88432700EE5048 /* Assets.xcassets in Resources */,
				20ACA2422C88432700EE5048 /* Base in Resources */,
				20ACA23A2C88432400EE5048 /* Base in Resources */,
			);
			runOnlyForDeploymentPostprocessing = 0;
		};
		20ACA2462C88432800EE5048 /* Resources */ = {
			isa = PBXResourcesBuildPhase;
			buildActionMask = 2147483647;
			files = (
			);
			runOnlyForDeploymentPostprocessing = 0;
		};
		20ACA2502C88432800EE5048 /* Resources */ = {
			isa = PBXResourcesBuildPhase;
			buildActionMask = 2147483647;
			files = (
			);
			runOnlyForDeploymentPostprocessing = 0;
		};
/* End PBXResourcesBuildPhase section */

/* Begin PBXSourcesBuildPhase section */
		20ACA22B2C88432400EE5048 /* Sources */ = {
			isa = PBXSourcesBuildPhase;
			buildActionMask = 2147483647;
			files = (
				20ACA2372C88432400EE5048 /* ViewController.swift in Sources */,
				20ACA2332C88432400EE5048 /* AppDelegate.swift in Sources */,
				20ACA2672C88454100EE5048 /* User+CoreDataClass.swift in Sources */,
				20ACA2682C88454100EE5048 /* User+CoreDataProperties.swift in Sources */,
				20ACA2352C88432400EE5048 /* SceneDelegate.swift in Sources */,
				20ACA23D2C88432400EE5048 /* CoreDataTest2.xcdatamodeld in Sources */,
			);
			runOnlyForDeploymentPostprocessing = 0;
		};
		20ACA2442C88432800EE5048 /* Sources */ = {
			isa = PBXSourcesBuildPhase;
			buildActionMask = 2147483647;
			files = (
				20ACA24D2C88432800EE5048 /* CoreDataTest2Tests.swift in Sources */,
			);
			runOnlyForDeploymentPostprocessing = 0;
		};
		20ACA24E2C88432800EE5048 /* Sources */ = {
			isa = PBXSourcesBuildPhase;
			buildActionMask = 2147483647;
			files = (
				20ACA2592C88432800EE5048 /* CoreDataTest2UITestsLaunchTests.swift in Sources */,
				20ACA2572C88432800EE5048 /* CoreDataTest2UITests.swift in Sources */,
			);
			runOnlyForDeploymentPostprocessing = 0;
		};
/* End PBXSourcesBuildPhase section */

/* Begin PBXTargetDependency section */
		20ACA24A2C88432800EE5048 /* PBXTargetDependency */ = {
			isa = PBXTargetDependency;
			target = 20ACA22E2C88432400EE5048 /* CoreDataTest2 */;
			targetProxy = 20ACA2492C88432800EE5048 /* PBXContainerItemProxy */;
		};
		20ACA2542C88432800EE5048 /* PBXTargetDependency */ = {
			isa = PBXTargetDependency;
			target = 20ACA22E2C88432400EE5048 /* CoreDataTest2 */;
			targetProxy = 20ACA2532C88432800EE5048 /* PBXContainerItemProxy */;
		};
/* End PBXTargetDependency section */

/* Begin PBXVariantGroup section */
		20ACA2382C88432400EE5048 /* Main.storyboard */ = {
			isa = PBXVariantGroup;
			children = (
				20ACA2392C88432400EE5048 /* Base */,
			);
			name = Main.storyboard;
			sourceTree = "<group>";
		};
		20ACA2402C88432700EE5048 /* LaunchScreen.storyboard */ = {
			isa = PBXVariantGroup;
			children = (
				20ACA2412C88432700EE5048 /* Base */,
			);
			name = LaunchScreen.storyboard;
			sourceTree = "<group>";
		};
/* End PBXVariantGroup section */

/* Begin XCBuildConfiguration section */
		20ACA25A2C88432800EE5048 /* Debug */ = {
			isa = XCBuildConfiguration;
			buildSettings = {
				ALWAYS_SEARCH_USER_PATHS = NO;
				ASSETCATALOG_COMPILER_GENERATE_SWIFT_ASSET_SYMBOL_EXTENSIONS = YES;
				CLANG_ANALYZER_NONNULL = YES;
				CLANG_ANALYZER_NUMBER_OBJECT_CONVERSION = YES_AGGRESSIVE;
				CLANG_CXX_LANGUAGE_STANDARD = "gnu++20";
				CLANG_ENABLE_MODULES = YES;
				CLANG_ENABLE_OBJC_ARC = YES;
				CLANG_ENABLE_OBJC_WEAK = YES;
				CLANG_WARN_BLOCK_CAPTURE_AUTORELEASING = YES;
				CLANG_WARN_BOOL_CONVERSION = YES;
				CLANG_WARN_COMMA = YES;
				CLANG_WARN_CONSTANT_CONVERSION = YES;
				CLANG_WARN_DEPRECATED_OBJC_IMPLEMENTATIONS = YES;
				CLANG_WARN_DIRECT_OBJC_ISA_USAGE = YES_ERROR;
				CLANG_WARN_DOCUMENTATION_COMMENTS = YES;
				CLANG_WARN_EMPTY_BODY = YES;
				CLANG_WARN_ENUM_CONVERSION = YES;
				CLANG_WARN_INFINITE_RECURSION = YES;
				CLANG_WARN_INT_CONVERSION = YES;
				CLANG_WARN_NON_LITERAL_NULL_CONVERSION = YES;
				CLANG_WARN_OBJC_IMPLICIT_RETAIN_SELF = YES;
				CLANG_WARN_OBJC_LITERAL_CONVERSION = YES;
				CLANG_WARN_OBJC_ROOT_CLASS = YES_ERROR;
				CLANG_WARN_QUOTED_INCLUDE_IN_FRAMEWORK_HEADER = YES;
				CLANG_WARN_RANGE_LOOP_ANALYSIS = YES;
				CLANG_WARN_STRICT_PROTOTYPES = YES;
				CLANG_WARN_SUSPICIOUS_MOVE = YES;
				CLANG_WARN_UNGUARDED_AVAILABILITY = YES_AGGRESSIVE;
				CLANG_WARN_UNREACHABLE_CODE = YES;
				CLANG_WARN__DUPLICATE_METHOD_MATCH = YES;
				COPY_PHASE_STRIP = NO;
				DEBUG_INFORMATION_FORMAT = dwarf;
				ENABLE_STRICT_OBJC_MSGSEND = YES;
				ENABLE_TESTABILITY = YES;
				ENABLE_USER_SCRIPT_SANDBOXING = YES;
				GCC_C_LANGUAGE_STANDARD = gnu17;
				GCC_DYNAMIC_NO_PIC = NO;
				GCC_NO_COMMON_BLOCKS = YES;
				GCC_OPTIMIZATION_LEVEL = 0;
				GCC_PREPROCESSOR_DEFINITIONS = (
					"DEBUG=1",
					"$(inherited)",
				);
				GCC_WARN_64_TO_32_BIT_CONVERSION = YES;
				GCC_WARN_ABOUT_RETURN_TYPE = YES_ERROR;
				GCC_WARN_UNDECLARED_SELECTOR = YES;
				GCC_WARN_UNINITIALIZED_AUTOS = YES_AGGRESSIVE;
				GCC_WARN_UNUSED_FUNCTION = YES;
				GCC_WARN_UNUSED_VARIABLE = YES;
				IPHONEOS_DEPLOYMENT_TARGET = 17.4;
				LOCALIZATION_PREFERS_STRING_CATALOGS = YES;
				MTL_ENABLE_DEBUG_INFO = INCLUDE_SOURCE;
				MTL_FAST_MATH = YES;
				ONLY_ACTIVE_ARCH = YES;
				SDKROOT = iphoneos;
				SWIFT_ACTIVE_COMPILATION_CONDITIONS = "DEBUG $(inherited)";
				SWIFT_OPTIMIZATION_LEVEL = "-Onone";
			};
			name = Debug;
		};
		20ACA25B2C88432800EE5048 /* Release */ = {
			isa = XCBuildConfiguration;
			buildSettings = {
				ALWAYS_SEARCH_USER_PATHS = NO;
				ASSETCATALOG_COMPILER_GENERATE_SWIFT_ASSET_SYMBOL_EXTENSIONS = YES;
				CLANG_ANALYZER_NONNULL = YES;
				CLANG_ANALYZER_NUMBER_OBJECT_CONVERSION = YES_AGGRESSIVE;
				CLANG_CXX_LANGUAGE_STANDARD = "gnu++20";
				CLANG_ENABLE_MODULES = YES;
				CLANG_ENABLE_OBJC_ARC = YES;
				CLANG_ENABLE_OBJC_WEAK = YES;
				CLANG_WARN_BLOCK_CAPTURE_AUTORELEASING = YES;
				CLANG_WARN_BOOL_CONVERSION = YES;
				CLANG_WARN_COMMA = YES;
				CLANG_WARN_CONSTANT_CONVERSION = YES;
				CLANG_WARN_DEPRECATED_OBJC_IMPLEMENTATIONS = YES;
				CLANG_WARN_DIRECT_OBJC_ISA_USAGE = YES_ERROR;
				CLANG_WARN_DOCUMENTATION_COMMENTS = YES;
				CLANG_WARN_EMPTY_BODY = YES;
				CLANG_WARN_ENUM_CONVERSION = YES;
				CLANG_WARN_INFINITE_RECURSION = YES;
				CLANG_WARN_INT_CONVERSION = YES;
				CLANG_WARN_NON_LITERAL_NULL_CONVERSION = YES;
				CLANG_WARN_OBJC_IMPLICIT_RETAIN_SELF = YES;
				CLANG_WARN_OBJC_LITERAL_CONVERSION = YES;
				CLANG_WARN_OBJC_ROOT_CLASS = YES_ERROR;
				CLANG_WARN_QUOTED_INCLUDE_IN_FRAMEWORK_HEADER = YES;
				CLANG_WARN_RANGE_LOOP_ANALYSIS = YES;
				CLANG_WARN_STRICT_PROTOTYPES = YES;
				CLANG_WARN_SUSPICIOUS_MOVE = YES;
				CLANG_WARN_UNGUARDED_AVAILABILITY = YES_AGGRESSIVE;
				CLANG_WARN_UNREACHABLE_CODE = YES;
				CLANG_WARN__DUPLICATE_METHOD_MATCH = YES;
				COPY_PHASE_STRIP = NO;
				DEBUG_INFORMATION_FORMAT = "dwarf-with-dsym";
				ENABLE_NS_ASSERTIONS = NO;
				ENABLE_STRICT_OBJC_MSGSEND = YES;
				ENABLE_USER_SCRIPT_SANDBOXING = YES;
				GCC_C_LANGUAGE_STANDARD = gnu17;
				GCC_NO_COMMON_BLOCKS = YES;
				GCC_WARN_64_TO_32_BIT_CONVERSION = YES;
				GCC_WARN_ABOUT_RETURN_TYPE = YES_ERROR;
				GCC_WARN_UNDECLARED_SELECTOR = YES;
				GCC_WARN_UNINITIALIZED_AUTOS = YES_AGGRESSIVE;
				GCC_WARN_UNUSED_FUNCTION = YES;
				GCC_WARN_UNUSED_VARIABLE = YES;
				IPHONEOS_DEPLOYMENT_TARGET = 17.4;
				LOCALIZATION_PREFERS_STRING_CATALOGS = YES;
				MTL_ENABLE_DEBUG_INFO = NO;
				MTL_FAST_MATH = YES;
				SDKROOT = iphoneos;
				SWIFT_COMPILATION_MODE = wholemodule;
				VALIDATE_PRODUCT = YES;
			};
			name = Release;
		};
		20ACA25D2C88432800EE5048 /* Debug */ = {
			isa = XCBuildConfiguration;
			buildSettings = {
				ASSETCATALOG_COMPILER_APPICON_NAME = AppIcon;
				ASSETCATALOG_COMPILER_GLOBAL_ACCENT_COLOR_NAME = AccentColor;
				CODE_SIGN_STYLE = Automatic;
				CURRENT_PROJECT_VERSION = 1;
				DEVELOPMENT_TEAM = L598E88287;
				GENERATE_INFOPLIST_FILE = YES;
				INFOPLIST_FILE = CoreDataTest2/Info.plist;
				INFOPLIST_KEY_UIApplicationSupportsIndirectInputEvents = YES;
				INFOPLIST_KEY_UILaunchStoryboardName = LaunchScreen;
				INFOPLIST_KEY_UIMainStoryboardFile = Main;
				INFOPLIST_KEY_UISupportedInterfaceOrientations_iPad = "UIInterfaceOrientationPortrait UIInterfaceOrientationPortraitUpsideDown UIInterfaceOrientationLandscapeLeft UIInterfaceOrientationLandscapeRight";
				INFOPLIST_KEY_UISupportedInterfaceOrientations_iPhone = "UIInterfaceOrientationPortrait UIInterfaceOrientationLandscapeLeft UIInterfaceOrientationLandscapeRight";
				LD_RUNPATH_SEARCH_PATHS = (
					"$(inherited)",
					"@executable_path/Frameworks",
				);
				MARKETING_VERSION = 1.0;
				PRODUCT_BUNDLE_IDENTIFIER = haams.appbrewery.CoreDataTest2;
				PRODUCT_NAME = "$(TARGET_NAME)";
				SWIFT_EMIT_LOC_STRINGS = YES;
				SWIFT_VERSION = 5.0;
				TARGETED_DEVICE_FAMILY = "1,2";
			};
			name = Debug;
		};
		20ACA25E2C88432800EE5048 /* Release */ = {
			isa = XCBuildConfiguration;
			buildSettings = {
				ASSETCATALOG_COMPILER_APPICON_NAME = AppIcon;
				ASSETCATALOG_COMPILER_GLOBAL_ACCENT_COLOR_NAME = AccentColor;
				CODE_SIGN_STYLE = Automatic;
				CURRENT_PROJECT_VERSION = 1;
				DEVELOPMENT_TEAM = L598E88287;
				GENERATE_INFOPLIST_FILE = YES;
				INFOPLIST_FILE = CoreDataTest2/Info.plist;
				INFOPLIST_KEY_UIApplicationSupportsIndirectInputEvents = YES;
				INFOPLIST_KEY_UILaunchStoryboardName = LaunchScreen;
				INFOPLIST_KEY_UIMainStoryboardFile = Main;
				INFOPLIST_KEY_UISupportedInterfaceOrientations_iPad = "UIInterfaceOrientationPortrait UIInterfaceOrientationPortraitUpsideDown UIInterfaceOrientationLandscapeLeft UIInterfaceOrientationLandscapeRight";
				INFOPLIST_KEY_UISupportedInterfaceOrientations_iPhone = "UIInterfaceOrientationPortrait UIInterfaceOrientationLandscapeLeft UIInterfaceOrientationLandscapeRight";
				LD_RUNPATH_SEARCH_PATHS = (
					"$(inherited)",
					"@executable_path/Frameworks",
				);
				MARKETING_VERSION = 1.0;
				PRODUCT_BUNDLE_IDENTIFIER = haams.appbrewery.CoreDataTest2;
				PRODUCT_NAME = "$(TARGET_NAME)";
				SWIFT_EMIT_LOC_STRINGS = YES;
				SWIFT_VERSION = 5.0;
				TARGETED_DEVICE_FAMILY = "1,2";
			};
			name = Release;
		};
		20ACA2602C88432800EE5048 /* Debug */ = {
			isa = XCBuildConfiguration;
			buildSettings = {
				ALWAYS_EMBED_SWIFT_STANDARD_LIBRARIES = YES;
				BUNDLE_LOADER = "$(TEST_HOST)";
				CODE_SIGN_STYLE = Automatic;
				CURRENT_PROJECT_VERSION = 1;
				DEVELOPMENT_TEAM = L598E88287;
				GENERATE_INFOPLIST_FILE = YES;
				IPHONEOS_DEPLOYMENT_TARGET = 17.4;
				MARKETING_VERSION = 1.0;
				PRODUCT_BUNDLE_IDENTIFIER = haams.appbrewery.CoreDataTest2Tests;
				PRODUCT_NAME = "$(TARGET_NAME)";
				SWIFT_EMIT_LOC_STRINGS = NO;
				SWIFT_VERSION = 5.0;
				TARGETED_DEVICE_FAMILY = "1,2";
				TEST_HOST = "$(BUILT_PRODUCTS_DIR)/CoreDataTest2.app/$(BUNDLE_EXECUTABLE_FOLDER_PATH)/CoreDataTest2";
			};
			name = Debug;
		};
		20ACA2612C88432800EE5048 /* Release */ = {
			isa = XCBuildConfiguration;
			buildSettings = {
				ALWAYS_EMBED_SWIFT_STANDARD_LIBRARIES = YES;
				BUNDLE_LOADER = "$(TEST_HOST)";
				CODE_SIGN_STYLE = Automatic;
				CURRENT_PROJECT_VERSION = 1;
				DEVELOPMENT_TEAM = L598E88287;
				GENERATE_INFOPLIST_FILE = YES;
				IPHONEOS_DEPLOYMENT_TARGET = 17.4;
				MARKETING_VERSION = 1.0;
				PRODUCT_BUNDLE_IDENTIFIER = haams.appbrewery.CoreDataTest2Tests;
				PRODUCT_NAME = "$(TARGET_NAME)";
				SWIFT_EMIT_LOC_STRINGS = NO;
				SWIFT_VERSION = 5.0;
				TARGETED_DEVICE_FAMILY = "1,2";
				TEST_HOST = "$(BUILT_PRODUCTS_DIR)/CoreDataTest2.app/$(BUNDLE_EXECUTABLE_FOLDER_PATH)/CoreDataTest2";
			};
			name = Release;
		};
		20ACA2632C88432800EE5048 /* Debug */ = {
			isa = XCBuildConfiguration;
			buildSettings = {
				ALWAYS_EMBED_SWIFT_STANDARD_LIBRARIES = YES;
				CODE_SIGN_STYLE = Automatic;
				CURRENT_PROJECT_VERSION = 1;
				DEVELOPMENT_TEAM = L598E88287;
				GENERATE_INFOPLIST_FILE = YES;
				MARKETING_VERSION = 1.0;
				PRODUCT_BUNDLE_IDENTIFIER = haams.appbrewery.CoreDataTest2UITests;
				PRODUCT_NAME = "$(TARGET_NAME)";
				SWIFT_EMIT_LOC_STRINGS = NO;
				SWIFT_VERSION = 5.0;
				TARGETED_DEVICE_FAMILY = "1,2";
				TEST_TARGET_NAME = CoreDataTest2;
			};
			name = Debug;
		};
		20ACA2642C88432800EE5048 /* Release */ = {
			isa = XCBuildConfiguration;
			buildSettings = {
				ALWAYS_EMBED_SWIFT_STANDARD_LIBRARIES = YES;
				CODE_SIGN_STYLE = Automatic;
				CURRENT_PROJECT_VERSION = 1;
				DEVELOPMENT_TEAM = L598E88287;
				GENERATE_INFOPLIST_FILE = YES;
				MARKETING_VERSION = 1.0;
				PRODUCT_BUNDLE_IDENTIFIER = haams.appbrewery.CoreDataTest2UITests;
				PRODUCT_NAME = "$(TARGET_NAME)";
				SWIFT_EMIT_LOC_STRINGS = NO;
				SWIFT_VERSION = 5.0;
				TARGETED_DEVICE_FAMILY = "1,2";
				TEST_TARGET_NAME = CoreDataTest2;
			};
			name = Release;
		};
/* End XCBuildConfiguration section */

/* Begin XCConfigurationList section */
		20ACA22A2C88432400EE5048 /* Build configuration list for PBXProject "CoreDataTest2" */ = {
			isa = XCConfigurationList;
			buildConfigurations = (
				20ACA25A2C88432800EE5048 /* Debug */,
				20ACA25B2C88432800EE5048 /* Release */,
			);
			defaultConfigurationIsVisible = 0;
			defaultConfigurationName = Release;
		};
		20ACA25C2C88432800EE5048 /* Build configuration list for PBXNativeTarget "CoreDataTest2" */ = {
			isa = XCConfigurationList;
			buildConfigurations = (
				20ACA25D2C88432800EE5048 /* Debug */,
				20ACA25E2C88432800EE5048 /* Release */,
			);
			defaultConfigurationIsVisible = 0;
			defaultConfigurationName = Release;
		};
		20ACA25F2C88432800EE5048 /* Build configuration list for PBXNativeTarget "CoreDataTest2Tests" */ = {
			isa = XCConfigurationList;
			buildConfigurations = (
				20ACA2602C88432800EE5048 /* Debug */,
				20ACA2612C88432800EE5048 /* Release */,
			);
			defaultConfigurationIsVisible = 0;
			defaultConfigurationName = Release;
		};
		20ACA2622C88432800EE5048 /* Build configuration list for PBXNativeTarget "CoreDataTest2UITests" */ = {
			isa = XCConfigurationList;
			buildConfigurations = (
				20ACA2632C88432800EE5048 /* Debug */,
				20ACA2642C88432800EE5048 /* Release */,
			);
			defaultConfigurationIsVisible = 0;
			defaultConfigurationName = Release;
		};
/* End XCConfigurationList section */

/* Begin XCVersionGroup section */
		20ACA23B2C88432400EE5048 /* CoreDataTest2.xcdatamodeld */ = {
			isa = XCVersionGroup;
			children = (
				20ACA23C2C88432400EE5048 /* CoreDataTest2.xcdatamodel */,
			);
			currentVersion = 20ACA23C2C88432400EE5048 /* CoreDataTest2.xcdatamodel */;
			path = CoreDataTest2.xcdatamodeld;
			sourceTree = "<group>";
			versionGroupType = wrapper.xcdatamodel;
		};
/* End XCVersionGroup section */
	};
	rootObject = 20ACA2272C88432400EE5048 /* Project object */;
}
