// !$*UTF8*$!
{
	archiveVersion = 1;
	classes = {
	};
	objectVersion = 56;
	objects = {

/* Begin PBXBuildFile section */
		20ABF6952C78551F004F4BE9 /* AppDelegate.swift in Sources */ = {isa = PBXBuildFile; fileRef = 20ABF6942C78551F004F4BE9 /* AppDelegate.swift */; };
		20ABF6972C78551F004F4BE9 /* SceneDelegate.swift in Sources */ = {isa = PBXBuildFile; fileRef = 20ABF6962C78551F004F4BE9 /* SceneDelegate.swift */; };
		20ABF6992C78551F004F4BE9 /* ViewController.swift in Sources */ = {isa = PBXBuildFile; fileRef = 20ABF6982C78551F004F4BE9 /* ViewController.swift */; };
		20ABF69C2C78551F004F4BE9 /* Base in Resources */ = {isa = PBXBuildFile; fileRef = 20ABF69B2C78551F004F4BE9 /* Base */; };
		20ABF69E2C785521004F4BE9 /* Assets.xcassets in Resources */ = {isa = PBXBuildFile; fileRef = 20ABF69D2C785521004F4BE9 /* Assets.xcassets */; };
		20ABF6A12C785521004F4BE9 /* Base in Resources */ = {isa = PBXBuildFile; fileRef = 20ABF6A02C785521004F4BE9 /* Base */; };
		20ABF6AC2C785521004F4BE9 /* WKWebViewProjectTests.swift in Sources */ = {isa = PBXBuildFile; fileRef = 20ABF6AB2C785521004F4BE9 /* WKWebViewProjectTests.swift */; };
		20ABF6B62C785521004F4BE9 /* WKWebViewProjectUITests.swift in Sources */ = {isa = PBXBuildFile; fileRef = 20ABF6B52C785521004F4BE9 /* WKWebViewProjectUITests.swift */; };
		20ABF6B82C785521004F4BE9 /* WKWebViewProjectUITestsLaunchTests.swift in Sources */ = {isa = PBXBuildFile; fileRef = 20ABF6B72C785521004F4BE9 /* WKWebViewProjectUITestsLaunchTests.swift */; };
/* End PBXBuildFile section */

/* Begin PBXContainerItemProxy section */
		20ABF6A82C785521004F4BE9 /* PBXContainerItemProxy */ = {
			isa = PBXContainerItemProxy;
			containerPortal = 20ABF6892C78551F004F4BE9 /* Project object */;
			proxyType = 1;
			remoteGlobalIDString = 20ABF6902C78551F004F4BE9;
			remoteInfo = WKWebViewProject;
		};
		20ABF6B22C785521004F4BE9 /* PBXContainerItemProxy */ = {
			isa = PBXContainerItemProxy;
			containerPortal = 20ABF6892C78551F004F4BE9 /* Project object */;
			proxyType = 1;
			remoteGlobalIDString = 20ABF6902C78551F004F4BE9;
			remoteInfo = WKWebViewProject;
		};
/* End PBXContainerItemProxy section */

/* Begin PBXCopyFilesBuildPhase section */
		20ABF6E02C787984004F4BE9 /* Embed Foundation Extensions */ = {
			isa = PBXCopyFilesBuildPhase;
			buildActionMask = 2147483647;
			dstPath = "";
			dstSubfolderSpec = 13;
			files = (
			);
			name = "Embed Foundation Extensions";
			runOnlyForDeploymentPostprocessing = 0;
		};
/* End PBXCopyFilesBuildPhase section */

/* Begin PBXFileReference section */
		20ABF6912C78551F004F4BE9 /* WKWebViewProject.app */ = {isa = PBXFileReference; explicitFileType = wrapper.application; includeInIndex = 0; path = WKWebViewProject.app; sourceTree = BUILT_PRODUCTS_DIR; };
		20ABF6942C78551F004F4BE9 /* AppDelegate.swift */ = {isa = PBXFileReference; lastKnownFileType = sourcecode.swift; path = AppDelegate.swift; sourceTree = "<group>"; };
		20ABF6962C78551F004F4BE9 /* SceneDelegate.swift */ = {isa = PBXFileReference; lastKnownFileType = sourcecode.swift; path = SceneDelegate.swift; sourceTree = "<group>"; };
		20ABF6982C78551F004F4BE9 /* ViewController.swift */ = {isa = PBXFileReference; lastKnownFileType = sourcecode.swift; path = ViewController.swift; sourceTree = "<group>"; };
		20ABF69B2C78551F004F4BE9 /* Base */ = {isa = PBXFileReference; lastKnownFileType = file.storyboard; name = Base; path = Base.lproj/Main.storyboard; sourceTree = "<group>"; };
		20ABF69D2C785521004F4BE9 /* Assets.xcassets */ = {isa = PBXFileReference; lastKnownFileType = folder.assetcatalog; path = Assets.xcassets; sourceTree = "<group>"; };
		20ABF6A02C785521004F4BE9 /* Base */ = {isa = PBXFileReference; lastKnownFileType = file.storyboard; name = Base; path = Base.lproj/LaunchScreen.storyboard; sourceTree = "<group>"; };
		20ABF6A22C785521004F4BE9 /* Info.plist */ = {isa = PBXFileReference; lastKnownFileType = text.plist.xml; path = Info.plist; sourceTree = "<group>"; };
		20ABF6A72C785521004F4BE9 /* WKWebViewProjectTests.xctest */ = {isa = PBXFileReference; explicitFileType = wrapper.cfbundle; includeInIndex = 0; path = WKWebViewProjectTests.xctest; sourceTree = BUILT_PRODUCTS_DIR; };
		20ABF6AB2C785521004F4BE9 /* WKWebViewProjectTests.swift */ = {isa = PBXFileReference; lastKnownFileType = sourcecode.swift; path = WKWebViewProjectTests.swift; sourceTree = "<group>"; };
		20ABF6B12C785521004F4BE9 /* WKWebViewProjectUITests.xctest */ = {isa = PBXFileReference; explicitFileType = wrapper.cfbundle; includeInIndex = 0; path = WKWebViewProjectUITests.xctest; sourceTree = BUILT_PRODUCTS_DIR; };
		20ABF6B52C785521004F4BE9 /* WKWebViewProjectUITests.swift */ = {isa = PBXFileReference; lastKnownFileType = sourcecode.swift; path = WKWebViewProjectUITests.swift; sourceTree = "<group>"; };
		20ABF6B72C785521004F4BE9 /* WKWebViewProjectUITestsLaunchTests.swift */ = {isa = PBXFileReference; lastKnownFileType = sourcecode.swift; path = WKWebViewProjectUITestsLaunchTests.swift; sourceTree = "<group>"; };
		20ABF6CA2C787981004F4BE9 /* WidgetKit.framework */ = {isa = PBXFileReference; lastKnownFileType = wrapper.framework; name = WidgetKit.framework; path = System/Library/Frameworks/WidgetKit.framework; sourceTree = SDKROOT; };
		20ABF6CC2C787982004F4BE9 /* SwiftUI.framework */ = {isa = PBXFileReference; lastKnownFileType = wrapper.framework; name = SwiftUI.framework; path = System/Library/Frameworks/SwiftUI.framework; sourceTree = SDKROOT; };
/* End PBXFileReference section */

/* Begin PBXFrameworksBuildPhase section */
		20ABF68E2C78551F004F4BE9 /* Frameworks */ = {
			isa = PBXFrameworksBuildPhase;
			buildActionMask = 2147483647;
			files = (
			);
			runOnlyForDeploymentPostprocessing = 0;
		};
		20ABF6A42C785521004F4BE9 /* Frameworks */ = {
			isa = PBXFrameworksBuildPhase;
			buildActionMask = 2147483647;
			files = (
			);
			runOnlyForDeploymentPostprocessing = 0;
		};
		20ABF6AE2C785521004F4BE9 /* Frameworks */ = {
			isa = PBXFrameworksBuildPhase;
			buildActionMask = 2147483647;
			files = (
			);
			runOnlyForDeploymentPostprocessing = 0;
		};
/* End PBXFrameworksBuildPhase section */

/* Begin PBXGroup section */
		20ABF6882C78551F004F4BE9 = {
			isa = PBXGroup;
			children = (
				20ABF6932C78551F004F4BE9 /* WKWebViewProject */,
				20ABF6AA2C785521004F4BE9 /* WKWebViewProjectTests */,
				20ABF6B42C785521004F4BE9 /* WKWebViewProjectUITests */,
				20ABF6C92C787981004F4BE9 /* Frameworks */,
				20ABF6922C78551F004F4BE9 /* Products */,
			);
			sourceTree = "<group>";
		};
		20ABF6922C78551F004F4BE9 /* Products */ = {
			isa = PBXGroup;
			children = (
				20ABF6912C78551F004F4BE9 /* WKWebViewProject.app */,
				20ABF6A72C785521004F4BE9 /* WKWebViewProjectTests.xctest */,
				20ABF6B12C785521004F4BE9 /* WKWebViewProjectUITests.xctest */,
			);
			name = Products;
			sourceTree = "<group>";
		};
		20ABF6932C78551F004F4BE9 /* WKWebViewProject */ = {
			isa = PBXGroup;
			children = (
				20ABF6942C78551F004F4BE9 /* AppDelegate.swift */,
				20ABF6962C78551F004F4BE9 /* SceneDelegate.swift */,
				20ABF6982C78551F004F4BE9 /* ViewController.swift */,
				20ABF69A2C78551F004F4BE9 /* Main.storyboard */,
				20ABF69D2C785521004F4BE9 /* Assets.xcassets */,
				20ABF69F2C785521004F4BE9 /* LaunchScreen.storyboard */,
				20ABF6A22C785521004F4BE9 /* Info.plist */,
			);
			path = WKWebViewProject;
			sourceTree = "<group>";
		};
		20ABF6AA2C785521004F4BE9 /* WKWebViewProjectTests */ = {
			isa = PBXGroup;
			children = (
				20ABF6AB2C785521004F4BE9 /* WKWebViewProjectTests.swift */,
			);
			path = WKWebViewProjectTests;
			sourceTree = "<group>";
		};
		20ABF6B42C785521004F4BE9 /* WKWebViewProjectUITests */ = {
			isa = PBXGroup;
			children = (
				20ABF6B52C785521004F4BE9 /* WKWebViewProjectUITests.swift */,
				20ABF6B72C785521004F4BE9 /* WKWebViewProjectUITestsLaunchTests.swift */,
			);
			path = WKWebViewProjectUITests;
			sourceTree = "<group>";
		};
		20ABF6C92C787981004F4BE9 /* Frameworks */ = {
			isa = PBXGroup;
			children = (
				20ABF6CA2C787981004F4BE9 /* WidgetKit.framework */,
				20ABF6CC2C787982004F4BE9 /* SwiftUI.framework */,
			);
			name = Frameworks;
			sourceTree = "<group>";
		};
/* End PBXGroup section */

/* Begin PBXNativeTarget section */
		20ABF6902C78551F004F4BE9 /* WKWebViewProject */ = {
			isa = PBXNativeTarget;
			buildConfigurationList = 20ABF6BB2C785521004F4BE9 /* Build configuration list for PBXNativeTarget "WKWebViewProject" */;
			buildPhases = (
				20ABF68D2C78551F004F4BE9 /* Sources */,
				20ABF68E2C78551F004F4BE9 /* Frameworks */,
				20ABF68F2C78551F004F4BE9 /* Resources */,
				20ABF6E02C787984004F4BE9 /* Embed Foundation Extensions */,
			);
			buildRules = (
			);
			dependencies = (
			);
			name = WKWebViewProject;
			productName = WKWebViewProject;
			productReference = 20ABF6912C78551F004F4BE9 /* WKWebViewProject.app */;
			productType = "com.apple.product-type.application";
		};
		20ABF6A62C785521004F4BE9 /* WKWebViewProjectTests */ = {
			isa = PBXNativeTarget;
			buildConfigurationList = 20ABF6BE2C785521004F4BE9 /* Build configuration list for PBXNativeTarget "WKWebViewProjectTests" */;
			buildPhases = (
				20ABF6A32C785521004F4BE9 /* Sources */,
				20ABF6A42C785521004F4BE9 /* Frameworks */,
				20ABF6A52C785521004F4BE9 /* Resources */,
			);
			buildRules = (
			);
			dependencies = (
				20ABF6A92C785521004F4BE9 /* PBXTargetDependency */,
			);
			name = WKWebViewProjectTests;
			productName = WKWebViewProjectTests;
			productReference = 20ABF6A72C785521004F4BE9 /* WKWebViewProjectTests.xctest */;
			productType = "com.apple.product-type.bundle.unit-test";
		};
		20ABF6B02C785521004F4BE9 /* WKWebViewProjectUITests */ = {
			isa = PBXNativeTarget;
			buildConfigurationList = 20ABF6C12C785521004F4BE9 /* Build configuration list for PBXNativeTarget "WKWebViewProjectUITests" */;
			buildPhases = (
				20ABF6AD2C785521004F4BE9 /* Sources */,
				20ABF6AE2C785521004F4BE9 /* Frameworks */,
				20ABF6AF2C785521004F4BE9 /* Resources */,
			);
			buildRules = (
			);
			dependencies = (
				20ABF6B32C785521004F4BE9 /* PBXTargetDependency */,
			);
			name = WKWebViewProjectUITests;
			productName = WKWebViewProjectUITests;
			productReference = 20ABF6B12C785521004F4BE9 /* WKWebViewProjectUITests.xctest */;
			productType = "com.apple.product-type.bundle.ui-testing";
		};
/* End PBXNativeTarget section */

/* Begin PBXProject section */
		20ABF6892C78551F004F4BE9 /* Project object */ = {
			isa = PBXProject;
			attributes = {
				BuildIndependentTargetsInParallel = 1;
				LastSwiftUpdateCheck = 1530;
				LastUpgradeCheck = 1530;
				TargetAttributes = {
					20ABF6902C78551F004F4BE9 = {
						CreatedOnToolsVersion = 15.3;
					};
					20ABF6A62C785521004F4BE9 = {
						CreatedOnToolsVersion = 15.3;
						TestTargetID = 20ABF6902C78551F004F4BE9;
					};
					20ABF6B02C785521004F4BE9 = {
						CreatedOnToolsVersion = 15.3;
						TestTargetID = 20ABF6902C78551F004F4BE9;
					};
				};
			};
			buildConfigurationList = 20ABF68C2C78551F004F4BE9 /* Build configuration list for PBXProject "WKWebViewProject" */;
			compatibilityVersion = "Xcode 14.0";
			developmentRegion = en;
			hasScannedForEncodings = 0;
			knownRegions = (
				en,
				Base,
			);
			mainGroup = 20ABF6882C78551F004F4BE9;
			productRefGroup = 20ABF6922C78551F004F4BE9 /* Products */;
			projectDirPath = "";
			projectRoot = "";
			targets = (
				20ABF6902C78551F004F4BE9 /* WKWebViewProject */,
				20ABF6A62C785521004F4BE9 /* WKWebViewProjectTests */,
				20ABF6B02C785521004F4BE9 /* WKWebViewProjectUITests */,
			);
		};
/* End PBXProject section */

/* Begin PBXResourcesBuildPhase section */
		20ABF68F2C78551F004F4BE9 /* Resources */ = {
			isa = PBXResourcesBuildPhase;
			buildActionMask = 2147483647;
			files = (
				20ABF69E2C785521004F4BE9 /* Assets.xcassets in Resources */,
				20ABF6A12C785521004F4BE9 /* Base in Resources */,
				20ABF69C2C78551F004F4BE9 /* Base in Resources */,
			);
			runOnlyForDeploymentPostprocessing = 0;
		};
		20ABF6A52C785521004F4BE9 /* Resources */ = {
			isa = PBXResourcesBuildPhase;
			buildActionMask = 2147483647;
			files = (
			);
			runOnlyForDeploymentPostprocessing = 0;
		};
		20ABF6AF2C785521004F4BE9 /* Resources */ = {
			isa = PBXResourcesBuildPhase;
			buildActionMask = 2147483647;
			files = (
			);
			runOnlyForDeploymentPostprocessing = 0;
		};
/* End PBXResourcesBuildPhase section */

/* Begin PBXSourcesBuildPhase section */
		20ABF68D2C78551F004F4BE9 /* Sources */ = {
			isa = PBXSourcesBuildPhase;
			buildActionMask = 2147483647;
			files = (
				20ABF6992C78551F004F4BE9 /* ViewController.swift in Sources */,
				20ABF6952C78551F004F4BE9 /* AppDelegate.swift in Sources */,
				20ABF6972C78551F004F4BE9 /* SceneDelegate.swift in Sources */,
			);
			runOnlyForDeploymentPostprocessing = 0;
		};
		20ABF6A32C785521004F4BE9 /* Sources */ = {
			isa = PBXSourcesBuildPhase;
			buildActionMask = 2147483647;
			files = (
				20ABF6AC2C785521004F4BE9 /* WKWebViewProjectTests.swift in Sources */,
			);
			runOnlyForDeploymentPostprocessing = 0;
		};
		20ABF6AD2C785521004F4BE9 /* Sources */ = {
			isa = PBXSourcesBuildPhase;
			buildActionMask = 2147483647;
			files = (
				20ABF6B82C785521004F4BE9 /* WKWebViewProjectUITestsLaunchTests.swift in Sources */,
				20ABF6B62C785521004F4BE9 /* WKWebViewProjectUITests.swift in Sources */,
			);
			runOnlyForDeploymentPostprocessing = 0;
		};
/* End PBXSourcesBuildPhase section */

/* Begin PBXTargetDependency section */
		20ABF6A92C785521004F4BE9 /* PBXTargetDependency */ = {
			isa = PBXTargetDependency;
			target = 20ABF6902C78551F004F4BE9 /* WKWebViewProject */;
			targetProxy = 20ABF6A82C785521004F4BE9 /* PBXContainerItemProxy */;
		};
		20ABF6B32C785521004F4BE9 /* PBXTargetDependency */ = {
			isa = PBXTargetDependency;
			target = 20ABF6902C78551F004F4BE9 /* WKWebViewProject */;
			targetProxy = 20ABF6B22C785521004F4BE9 /* PBXContainerItemProxy */;
		};
/* End PBXTargetDependency section */

/* Begin PBXVariantGroup section */
		20ABF69A2C78551F004F4BE9 /* Main.storyboard */ = {
			isa = PBXVariantGroup;
			children = (
				20ABF69B2C78551F004F4BE9 /* Base */,
			);
			name = Main.storyboard;
			sourceTree = "<group>";
		};
		20ABF69F2C785521004F4BE9 /* LaunchScreen.storyboard */ = {
			isa = PBXVariantGroup;
			children = (
				20ABF6A02C785521004F4BE9 /* Base */,
			);
			name = LaunchScreen.storyboard;
			sourceTree = "<group>";
		};
/* End PBXVariantGroup section */

/* Begin XCBuildConfiguration section */
		20ABF6B92C785521004F4BE9 /* Debug */ = {
			isa = XCBuildConfiguration;
			buildSettings = {
				ALWAYS_SEARCH_USER_PATHS = NO;
				ASSETCATALOG_COMPILER_GENERATE_SWIFT_ASSET_SYMBOL_EXTENSIONS = YES;
				CLANG_ANALYZER_NONNULL = YES;
				CLANG_ANALYZER_NUMBER_OBJECT_CONVERSION = YES_AGGRESSIVE;
				CLANG_CXX_LANGUAGE_STANDARD = "gnu++20";
				CLANG_ENABLE_MODULES = YES;
				CLANG_ENABLE_OBJC_ARC = YES;
				CLANG_ENABLE_OBJC_WEAK = YES;
				CLANG_WARN_BLOCK_CAPTURE_AUTORELEASING = YES;
				CLANG_WARN_BOOL_CONVERSION = YES;
				CLANG_WARN_COMMA = YES;
				CLANG_WARN_CONSTANT_CONVERSION = YES;
				CLANG_WARN_DEPRECATED_OBJC_IMPLEMENTATIONS = YES;
				CLANG_WARN_DIRECT_OBJC_ISA_USAGE = YES_ERROR;
				CLANG_WARN_DOCUMENTATION_COMMENTS = YES;
				CLANG_WARN_EMPTY_BODY = YES;
				CLANG_WARN_ENUM_CONVERSION = YES;
				CLANG_WARN_INFINITE_RECURSION = YES;
				CLANG_WARN_INT_CONVERSION = YES;
				CLANG_WARN_NON_LITERAL_NULL_CONVERSION = YES;
				CLANG_WARN_OBJC_IMPLICIT_RETAIN_SELF = YES;
				CLANG_WARN_OBJC_LITERAL_CONVERSION = YES;
				CLANG_WARN_OBJC_ROOT_CLASS = YES_ERROR;
				CLANG_WARN_QUOTED_INCLUDE_IN_FRAMEWORK_HEADER = YES;
				CLANG_WARN_RANGE_LOOP_ANALYSIS = YES;
				CLANG_WARN_STRICT_PROTOTYPES = YES;
				CLANG_WARN_SUSPICIOUS_MOVE = YES;
				CLANG_WARN_UNGUARDED_AVAILABILITY = YES_AGGRESSIVE;
				CLANG_WARN_UNREACHABLE_CODE = YES;
				CLANG_WARN__DUPLICATE_METHOD_MATCH = YES;
				COPY_PHASE_STRIP = NO;
				DEBUG_INFORMATION_FORMAT = dwarf;
				ENABLE_STRICT_OBJC_MSGSEND = YES;
				ENABLE_TESTABILITY = YES;
				ENABLE_USER_SCRIPT_SANDBOXING = YES;
				GCC_C_LANGUAGE_STANDARD = gnu17;
				GCC_DYNAMIC_NO_PIC = NO;
				GCC_NO_COMMON_BLOCKS = YES;
				GCC_OPTIMIZATION_LEVEL = 0;
				GCC_PREPROCESSOR_DEFINITIONS = (
					"DEBUG=1",
					"$(inherited)",
				);
				GCC_WARN_64_TO_32_BIT_CONVERSION = YES;
				GCC_WARN_ABOUT_RETURN_TYPE = YES_ERROR;
				GCC_WARN_UNDECLARED_SELECTOR = YES;
				GCC_WARN_UNINITIALIZED_AUTOS = YES_AGGRESSIVE;
				GCC_WARN_UNUSED_FUNCTION = YES;
				GCC_WARN_UNUSED_VARIABLE = YES;
				IPHONEOS_DEPLOYMENT_TARGET = 17.4;
				LOCALIZATION_PREFERS_STRING_CATALOGS = YES;
				MTL_ENABLE_DEBUG_INFO = INCLUDE_SOURCE;
				MTL_FAST_MATH = YES;
				ONLY_ACTIVE_ARCH = YES;
				SDKROOT = iphoneos;
				SWIFT_ACTIVE_COMPILATION_CONDITIONS = "DEBUG $(inherited)";
				SWIFT_OPTIMIZATION_LEVEL = "-Onone";
			};
			name = Debug;
		};
		20ABF6BA2C785521004F4BE9 /* Release */ = {
			isa = XCBuildConfiguration;
			buildSettings = {
				ALWAYS_SEARCH_USER_PATHS = NO;
				ASSETCATALOG_COMPILER_GENERATE_SWIFT_ASSET_SYMBOL_EXTENSIONS = YES;
				CLANG_ANALYZER_NONNULL = YES;
				CLANG_ANALYZER_NUMBER_OBJECT_CONVERSION = YES_AGGRESSIVE;
				CLANG_CXX_LANGUAGE_STANDARD = "gnu++20";
				CLANG_ENABLE_MODULES = YES;
				CLANG_ENABLE_OBJC_ARC = YES;
				CLANG_ENABLE_OBJC_WEAK = YES;
				CLANG_WARN_BLOCK_CAPTURE_AUTORELEASING = YES;
				CLANG_WARN_BOOL_CONVERSION = YES;
				CLANG_WARN_COMMA = YES;
				CLANG_WARN_CONSTANT_CONVERSION = YES;
				CLANG_WARN_DEPRECATED_OBJC_IMPLEMENTATIONS = YES;
				CLANG_WARN_DIRECT_OBJC_ISA_USAGE = YES_ERROR;
				CLANG_WARN_DOCUMENTATION_COMMENTS = YES;
				CLANG_WARN_EMPTY_BODY = YES;
				CLANG_WARN_ENUM_CONVERSION = YES;
				CLANG_WARN_INFINITE_RECURSION = YES;
				CLANG_WARN_INT_CONVERSION = YES;
				CLANG_WARN_NON_LITERAL_NULL_CONVERSION = YES;
				CLANG_WARN_OBJC_IMPLICIT_RETAIN_SELF = YES;
				CLANG_WARN_OBJC_LITERAL_CONVERSION = YES;
				CLANG_WARN_OBJC_ROOT_CLASS = YES_ERROR;
				CLANG_WARN_QUOTED_INCLUDE_IN_FRAMEWORK_HEADER = YES;
				CLANG_WARN_RANGE_LOOP_ANALYSIS = YES;
				CLANG_WARN_STRICT_PROTOTYPES = YES;
				CLANG_WARN_SUSPICIOUS_MOVE = YES;
				CLANG_WARN_UNGUARDED_AVAILABILITY = YES_AGGRESSIVE;
				CLANG_WARN_UNREACHABLE_CODE = YES;
				CLANG_WARN__DUPLICATE_METHOD_MATCH = YES;
				COPY_PHASE_STRIP = NO;
				DEBUG_INFORMATION_FORMAT = "dwarf-with-dsym";
				ENABLE_NS_ASSERTIONS = NO;
				ENABLE_STRICT_OBJC_MSGSEND = YES;
				ENABLE_USER_SCRIPT_SANDBOXING = YES;
				GCC_C_LANGUAGE_STANDARD = gnu17;
				GCC_NO_COMMON_BLOCKS = YES;
				GCC_WARN_64_TO_32_BIT_CONVERSION = YES;
				GCC_WARN_ABOUT_RETURN_TYPE = YES_ERROR;
				GCC_WARN_UNDECLARED_SELECTOR = YES;
				GCC_WARN_UNINITIALIZED_AUTOS = YES_AGGRESSIVE;
				GCC_WARN_UNUSED_FUNCTION = YES;
				GCC_WARN_UNUSED_VARIABLE = YES;
				IPHONEOS_DEPLOYMENT_TARGET = 17.4;
				LOCALIZATION_PREFERS_STRING_CATALOGS = YES;
				MTL_ENABLE_DEBUG_INFO = NO;
				MTL_FAST_MATH = YES;
				SDKROOT = iphoneos;
				SWIFT_COMPILATION_MODE = wholemodule;
				VALIDATE_PRODUCT = YES;
			};
			name = Release;
		};
		20ABF6BC2C785521004F4BE9 /* Debug */ = {
			isa = XCBuildConfiguration;
			buildSettings = {
				ASSETCATALOG_COMPILER_APPICON_NAME = AppIcon;
				ASSETCATALOG_COMPILER_GLOBAL_ACCENT_COLOR_NAME = AccentColor;
				CODE_SIGN_STYLE = Automatic;
				CURRENT_PROJECT_VERSION = 1;
				DEVELOPMENT_TEAM = L598E88287;
				GENERATE_INFOPLIST_FILE = YES;
				INFOPLIST_FILE = WKWebViewProject/Info.plist;
				INFOPLIST_KEY_UIApplicationSupportsIndirectInputEvents = YES;
				INFOPLIST_KEY_UILaunchStoryboardName = LaunchScreen;
				INFOPLIST_KEY_UIMainStoryboardFile = Main;
				INFOPLIST_KEY_UISupportedInterfaceOrientations_iPad = "UIInterfaceOrientationPortrait UIInterfaceOrientationPortraitUpsideDown UIInterfaceOrientationLandscapeLeft UIInterfaceOrientationLandscapeRight";
				INFOPLIST_KEY_UISupportedInterfaceOrientations_iPhone = "UIInterfaceOrientationPortrait UIInterfaceOrientationLandscapeLeft UIInterfaceOrientationLandscapeRight";
				IPHONEOS_DEPLOYMENT_TARGET = 14.1;
				LD_RUNPATH_SEARCH_PATHS = (
					"$(inherited)",
					"@executable_path/Frameworks",
				);
				MARKETING_VERSION = 1.0;
				PRODUCT_BUNDLE_IDENTIFIER = haams.appbrewery.WKWebViewProject;
				PRODUCT_NAME = "$(TARGET_NAME)";
				SWIFT_EMIT_LOC_STRINGS = YES;
				SWIFT_VERSION = 5.0;
				TARGETED_DEVICE_FAMILY = "1,2";
			};
			name = Debug;
		};
		20ABF6BD2C785521004F4BE9 /* Release */ = {
			isa = XCBuildConfiguration;
			buildSettings = {
				ASSETCATALOG_COMPILER_APPICON_NAME = AppIcon;
				ASSETCATALOG_COMPILER_GLOBAL_ACCENT_COLOR_NAME = AccentColor;
				CODE_SIGN_STYLE = Automatic;
				CURRENT_PROJECT_VERSION = 1;
				DEVELOPMENT_TEAM = L598E88287;
				GENERATE_INFOPLIST_FILE = YES;
				INFOPLIST_FILE = WKWebViewProject/Info.plist;
				INFOPLIST_KEY_UIApplicationSupportsIndirectInputEvents = YES;
				INFOPLIST_KEY_UILaunchStoryboardName = LaunchScreen;
				INFOPLIST_KEY_UIMainStoryboardFile = Main;
				INFOPLIST_KEY_UISupportedInterfaceOrientations_iPad = "UIInterfaceOrientationPortrait UIInterfaceOrientationPortraitUpsideDown UIInterfaceOrientationLandscapeLeft UIInterfaceOrientationLandscapeRight";
				INFOPLIST_KEY_UISupportedInterfaceOrientations_iPhone = "UIInterfaceOrientationPortrait UIInterfaceOrientationLandscapeLeft UIInterfaceOrientationLandscapeRight";
				IPHONEOS_DEPLOYMENT_TARGET = 14.1;
				LD_RUNPATH_SEARCH_PATHS = (
					"$(inherited)",
					"@executable_path/Frameworks",
				);
				MARKETING_VERSION = 1.0;
				PRODUCT_BUNDLE_IDENTIFIER = haams.appbrewery.WKWebViewProject;
				PRODUCT_NAME = "$(TARGET_NAME)";
				SWIFT_EMIT_LOC_STRINGS = YES;
				SWIFT_VERSION = 5.0;
				TARGETED_DEVICE_FAMILY = "1,2";
			};
			name = Release;
		};
		20ABF6BF2C785521004F4BE9 /* Debug */ = {
			isa = XCBuildConfiguration;
			buildSettings = {
				ALWAYS_EMBED_SWIFT_STANDARD_LIBRARIES = YES;
				BUNDLE_LOADER = "$(TEST_HOST)";
				CODE_SIGN_STYLE = Automatic;
				CURRENT_PROJECT_VERSION = 1;
				DEVELOPMENT_TEAM = L598E88287;
				GENERATE_INFOPLIST_FILE = YES;
				IPHONEOS_DEPLOYMENT_TARGET = 17.4;
				MARKETING_VERSION = 1.0;
				PRODUCT_BUNDLE_IDENTIFIER = haams.appbrewery.WKWebViewProjectTests;
				PRODUCT_NAME = "$(TARGET_NAME)";
				SWIFT_EMIT_LOC_STRINGS = NO;
				SWIFT_VERSION = 5.0;
				TARGETED_DEVICE_FAMILY = "1,2";
				TEST_HOST = "$(BUILT_PRODUCTS_DIR)/WKWebViewProject.app/$(BUNDLE_EXECUTABLE_FOLDER_PATH)/WKWebViewProject";
			};
			name = Debug;
		};
		20ABF6C02C785521004F4BE9 /* Release */ = {
			isa = XCBuildConfiguration;
			buildSettings = {
				ALWAYS_EMBED_SWIFT_STANDARD_LIBRARIES = YES;
				BUNDLE_LOADER = "$(TEST_HOST)";
				CODE_SIGN_STYLE = Automatic;
				CURRENT_PROJECT_VERSION = 1;
				DEVELOPMENT_TEAM = L598E88287;
				GENERATE_INFOPLIST_FILE = YES;
				IPHONEOS_DEPLOYMENT_TARGET = 17.4;
				MARKETING_VERSION = 1.0;
				PRODUCT_BUNDLE_IDENTIFIER = haams.appbrewery.WKWebViewProjectTests;
				PRODUCT_NAME = "$(TARGET_NAME)";
				SWIFT_EMIT_LOC_STRINGS = NO;
				SWIFT_VERSION = 5.0;
				TARGETED_DEVICE_FAMILY = "1,2";
				TEST_HOST = "$(BUILT_PRODUCTS_DIR)/WKWebViewProject.app/$(BUNDLE_EXECUTABLE_FOLDER_PATH)/WKWebViewProject";
			};
			name = Release;
		};
		20ABF6C22C785521004F4BE9 /* Debug */ = {
			isa = XCBuildConfiguration;
			buildSettings = {
				ALWAYS_EMBED_SWIFT_STANDARD_LIBRARIES = YES;
				CODE_SIGN_STYLE = Automatic;
				CURRENT_PROJECT_VERSION = 1;
				DEVELOPMENT_TEAM = L598E88287;
				GENERATE_INFOPLIST_FILE = YES;
				MARKETING_VERSION = 1.0;
				PRODUCT_BUNDLE_IDENTIFIER = haams.appbrewery.WKWebViewProjectUITests;
				PRODUCT_NAME = "$(TARGET_NAME)";
				SWIFT_EMIT_LOC_STRINGS = NO;
				SWIFT_VERSION = 5.0;
				TARGETED_DEVICE_FAMILY = "1,2";
				TEST_TARGET_NAME = WKWebViewProject;
			};
			name = Debug;
		};
		20ABF6C32C785521004F4BE9 /* Release */ = {
			isa = XCBuildConfiguration;
			buildSettings = {
				ALWAYS_EMBED_SWIFT_STANDARD_LIBRARIES = YES;
				CODE_SIGN_STYLE = Automatic;
				CURRENT_PROJECT_VERSION = 1;
				DEVELOPMENT_TEAM = L598E88287;
				GENERATE_INFOPLIST_FILE = YES;
				MARKETING_VERSION = 1.0;
				PRODUCT_BUNDLE_IDENTIFIER = haams.appbrewery.WKWebViewProjectUITests;
				PRODUCT_NAME = "$(TARGET_NAME)";
				SWIFT_EMIT_LOC_STRINGS = NO;
				SWIFT_VERSION = 5.0;
				TARGETED_DEVICE_FAMILY = "1,2";
				TEST_TARGET_NAME = WKWebViewProject;
			};
			name = Release;
		};
/* End XCBuildConfiguration section */

/* Begin XCConfigurationList section */
		20ABF68C2C78551F004F4BE9 /* Build configuration list for PBXProject "WKWebViewProject" */ = {
			isa = XCConfigurationList;
			buildConfigurations = (
				20ABF6B92C785521004F4BE9 /* Debug */,
				20ABF6BA2C785521004F4BE9 /* Release */,
			);
			defaultConfigurationIsVisible = 0;
			defaultConfigurationName = Release;
		};
		20ABF6BB2C785521004F4BE9 /* Build configuration list for PBXNativeTarget "WKWebViewProject" */ = {
			isa = XCConfigurationList;
			buildConfigurations = (
				20ABF6BC2C785521004F4BE9 /* Debug */,
				20ABF6BD2C785521004F4BE9 /* Release */,
			);
			defaultConfigurationIsVisible = 0;
			defaultConfigurationName = Release;
		};
		20ABF6BE2C785521004F4BE9 /* Build configuration list for PBXNativeTarget "WKWebViewProjectTests" */ = {
			isa = XCConfigurationList;
			buildConfigurations = (
				20ABF6BF2C785521004F4BE9 /* Debug */,
				20ABF6C02C785521004F4BE9 /* Release */,
			);
			defaultConfigurationIsVisible = 0;
			defaultConfigurationName = Release;
		};
		20ABF6C12C785521004F4BE9 /* Build configuration list for PBXNativeTarget "WKWebViewProjectUITests" */ = {
			isa = XCConfigurationList;
			buildConfigurations = (
				20ABF6C22C785521004F4BE9 /* Debug */,
				20ABF6C32C785521004F4BE9 /* Release */,
			);
			defaultConfigurationIsVisible = 0;
			defaultConfigurationName = Release;
		};
/* End XCConfigurationList section */
	};
	rootObject = 20ABF6892C78551F004F4BE9 /* Project object */;
}
